// !$*UTF8*$!
{
	archiveVersion = 1;
	classes = {
	};
	objectVersion = 60;
	objects = {

/* Begin PBXBuildFile section */
		13B07FBF1A68108700A75B9A /* Images.xcassets in Resources */ = {isa = PBXBuildFile; fileRef = 13B07FB51A68108700A75B9A /* Images.xcassets */; };
		14D6B9CDDA534731AB97EBDC /* icomoon.ttf in Resources */ = {isa = PBXBuildFile; fileRef = 3610724496C74B459A96B984 /* icomoon.ttf */; };
		2B1A9552518849DE8DB9D846 /* MontserratItalic.ttf in Resources */ = {isa = PBXBuildFile; fileRef = 15E9208F62604DD0A5FE2BF0 /* MontserratItalic.ttf */; };
		31F6CB7FE70049CD93F9292C /* MontserratBold.ttf in Resources */ = {isa = PBXBuildFile; fileRef = 54F3FB3EF78E4B95A8DED940 /* MontserratBold.ttf */; };
		3CD1EA86CDDC4ABAB92B04AC /* NotoNaskhArabic-SemiBold.ttf in Resources */ = {isa = PBXBuildFile; fileRef = F81FD12A7C194046AF5C21B7 /* NotoNaskhArabic-SemiBold.ttf */; };
		512FC9196C334822A60DDF5F /* NotoNaskhArabic-Medium.ttf in Resources */ = {isa = PBXBuildFile; fileRef = 22DE50039E4A45558A0B6C14 /* NotoNaskhArabic-Medium.ttf */; };
		530AB6A7CCEE412A92BB0477 /* MontserratSemiBold.ttf in Resources */ = {isa = PBXBuildFile; fileRef = 28E7779E6FF64BABA356E956 /* MontserratSemiBold.ttf */; };
		601AACD248FB4EB69857FF49 /* MontserratExtraBold.ttf in Resources */ = {isa = PBXBuildFile; fileRef = A1DE7EF5957743D89FC20FA6 /* MontserratExtraBold.ttf */; };
		723D91A36E7B4978A7999F05 /* MontserratMedium.ttf in Resources */ = {isa = PBXBuildFile; fileRef = CAE5833E0DAF481DBFFEB811 /* MontserratMedium.ttf */; };
		761780ED2CA45674006654EE /* AppDelegate.swift in Sources */ = {isa = PBXBuildFile; fileRef = 761780EC2CA45674006654EE /* AppDelegate.swift */; };
		7C24C88CE14C41669EC51074 /* MontserratThin.ttf in Resources */ = {isa = PBXBuildFile; fileRef = BD5599E2FC3E410ABEAFD956 /* MontserratThin.ttf */; };
		81AB9BB82411601600AC10FF /* LaunchScreen.storyboard in Resources */ = {isa = PBXBuildFile; fileRef = 81AB9BB72411601600AC10FF /* LaunchScreen.storyboard */; };
		86D6C6780AC14DA793C37E9B /* JannaLT-Regular.ttf in Resources */ = {isa = PBXBuildFile; fileRef = E04FDB494D2E4343BF35B88C /* JannaLT-Regular.ttf */; };
		88BC0167477B0F6D3BAA0E74 /* ExpoModulesProvider.swift in Sources */ = {isa = PBXBuildFile; fileRef = F34B8C783594334B86FFDB26 /* ExpoModulesProvider.swift */; };
		8F916019EE2644568B7C0FAE /* NotoNaskhArabic-Regular.ttf in Resources */ = {isa = PBXBuildFile; fileRef = 6E6FCE4C1C0E4C51BA42F383 /* NotoNaskhArabic-Regular.ttf */; };
		9645BD96BDD6FF4C526F4665 /* Pods_Kamelpay.framework in Frameworks */ = {isa = PBXBuildFile; fileRef = 623825AB3BCFA0C37E9BA924 /* Pods_Kamelpay.framework */; };
		9A269DD3E76B49D183CC88FE /* MontserratExtraLight.ttf in Resources */ = {isa = PBXBuildFile; fileRef = E6E9FD4CAC0F48F389A243E6 /* MontserratExtraLight.ttf */; };
		B5FBC12C5D3E4A50A3C21AE2 /* MontserratRegular.ttf in Resources */ = {isa = PBXBuildFile; fileRef = B7CED70DAFA44E6FB9CC5532 /* MontserratRegular.ttf */; };
		B948B4D769984417A1F532BA /* MontserratLight.ttf in Resources */ = {isa = PBXBuildFile; fileRef = 0E0491BE1AC74EBEB3177166 /* MontserratLight.ttf */; };
		BDC569833778486FAF511383 /* MontserratBlack.ttf in Resources */ = {isa = PBXBuildFile; fileRef = EBFE1C3114C0448DB6C5C522 /* MontserratBlack.ttf */; };
		C5CE5C5E6F96EB5EF47A6EFA /* PrivacyInfo.xcprivacy in Resources */ = {isa = PBXBuildFile; fileRef = 13B07FB81A68108700A75B9A /* PrivacyInfo.xcprivacy */; };
		DB7B9B7F43E04283A0862846 /* JameelNooriKasheeda.ttf in Resources */ = {isa = PBXBuildFile; fileRef = 3D8806AA7C8A411C87519F71 /* JameelNooriKasheeda.ttf */; };
		EBC966999CE943CF919B0D74 /* NotoNaskhArabic-Bold.ttf in Resources */ = {isa = PBXBuildFile; fileRef = 15471A3464BD444D865F7155 /* NotoNaskhArabic-Bold.ttf */; };
		FA5BA8292E95394200B25E37 /* uq-text.plist in Resources */ = {isa = PBXBuildFile; fileRef = FA5BA8282E95394200B25E37 /* uq-text.plist */; };
		FA5BA82A2E95394200B25E37 /* uq-styles-dark.plist in Resources */ = {isa = PBXBuildFile; fileRef = FA5BA8272E95394200B25E37 /* uq-styles-dark.plist */; };
		FA5BA82B2E95394200B25E37 /* uq-styles.plist in Resources */ = {isa = PBXBuildFile; fileRef = FA5BA8262E95394200B25E37 /* uq-styles.plist */; };
		FA6213372E966F8500539A5A /* OpenSSL.xcframework in Frameworks */ = {isa = PBXBuildFile; fileRef = FA6213362E966F8500539A5A /* OpenSSL.xcframework */; };
		FA6213382E966F8500539A5A /* OpenSSL.xcframework in Embed Frameworks */ = {isa = PBXBuildFile; fileRef = FA6213362E966F8500539A5A /* OpenSSL.xcframework */; settings = {ATTRIBUTES = (CodeSignOnCopy, RemoveHeadersOnCopy, ); }; };
		FAC29BBD2E8EEC90004AC21B /* GoogleService-Info.plist in Resources */ = {isa = PBXBuildFile; fileRef = FAC29BBC2E8EEC90004AC21B /* GoogleService-Info.plist */; };
/* End PBXBuildFile section */

/* Begin PBXCopyFilesBuildPhase section */
		FA4632462E966B10001960DC /* Embed Frameworks */ = {
			isa = PBXCopyFilesBuildPhase;
			buildActionMask = 2147483647;
			dstPath = "";
			dstSubfolderSpec = 10;
			files = (
				FA6213382E966F8500539A5A /* OpenSSL.xcframework in Embed Frameworks */,
			);
			name = "Embed Frameworks";
			runOnlyForDeploymentPostprocessing = 0;
		};
/* End PBXCopyFilesBuildPhase section */

/* Begin PBXFileReference section */
		0E0491BE1AC74EBEB3177166 /* MontserratLight.ttf */ = {isa = PBXFileReference; explicitFileType = undefined; fileEncoding = 9; includeInIndex = 0; lastKnownFileType = unknown; name = MontserratLight.ttf; path = ../src/assets/fonts/MontserratLight.ttf; sourceTree = "<group>"; };
		13B07F961A680F5B00A75B9A /* Kamelpay.app */ = {isa = PBXFileReference; explicitFileType = wrapper.application; includeInIndex = 0; path = Kamelpay.app; sourceTree = BUILT_PRODUCTS_DIR; };
		13B07FB51A68108700A75B9A /* Images.xcassets */ = {isa = PBXFileReference; lastKnownFileType = folder.assetcatalog; name = Images.xcassets; path = Kamelpay/Images.xcassets; sourceTree = "<group>"; };
		13B07FB61A68108700A75B9A /* Info.plist */ = {isa = PBXFileReference; fileEncoding = 4; lastKnownFileType = text.plist.xml; name = Info.plist; path = Kamelpay/Info.plist; sourceTree = "<group>"; };
		13B07FB81A68108700A75B9A /* PrivacyInfo.xcprivacy */ = {isa = PBXFileReference; fileEncoding = 4; lastKnownFileType = text.plist.xml; name = PrivacyInfo.xcprivacy; path = Kamelpay/PrivacyInfo.xcprivacy; sourceTree = "<group>"; };
		15471A3464BD444D865F7155 /* NotoNaskhArabic-Bold.ttf */ = {isa = PBXFileReference; explicitFileType = undefined; fileEncoding = 9; includeInIndex = 0; lastKnownFileType = unknown; name = "NotoNaskhArabic-Bold.ttf"; path = "../src/assets/fonts/NotoNaskhArabic-Bold.ttf"; sourceTree = "<group>"; };
		15E9208F62604DD0A5FE2BF0 /* MontserratItalic.ttf */ = {isa = PBXFileReference; explicitFileType = undefined; fileEncoding = 9; includeInIndex = 0; lastKnownFileType = unknown; name = MontserratItalic.ttf; path = ../src/assets/fonts/MontserratItalic.ttf; sourceTree = "<group>"; };
		22DE50039E4A45558A0B6C14 /* NotoNaskhArabic-Medium.ttf */ = {isa = PBXFileReference; explicitFileType = undefined; fileEncoding = 9; includeInIndex = 0; lastKnownFileType = unknown; name = "NotoNaskhArabic-Medium.ttf"; path = "../src/assets/fonts/NotoNaskhArabic-Medium.ttf"; sourceTree = "<group>"; };
		28E7779E6FF64BABA356E956 /* MontserratSemiBold.ttf */ = {isa = PBXFileReference; explicitFileType = undefined; fileEncoding = 9; includeInIndex = 0; lastKnownFileType = unknown; name = MontserratSemiBold.ttf; path = ../src/assets/fonts/MontserratSemiBold.ttf; sourceTree = "<group>"; };
		3610724496C74B459A96B984 /* icomoon.ttf */ = {isa = PBXFileReference; explicitFileType = undefined; fileEncoding = 9; includeInIndex = 0; lastKnownFileType = unknown; name = icomoon.ttf; path = ../src/assets/icons/icomoon.ttf; sourceTree = "<group>"; };
		3D8806AA7C8A411C87519F71 /* JameelNooriKasheeda.ttf */ = {isa = PBXFileReference; explicitFileType = undefined; fileEncoding = 9; includeInIndex = 0; lastKnownFileType = unknown; name = JameelNooriKasheeda.ttf; path = ../src/assets/fonts/JameelNooriKasheeda.ttf; sourceTree = "<group>"; };
		54F3FB3EF78E4B95A8DED940 /* MontserratBold.ttf */ = {isa = PBXFileReference; explicitFileType = undefined; fileEncoding = 9; includeInIndex = 0; lastKnownFileType = unknown; name = MontserratBold.ttf; path = ../src/assets/fonts/MontserratBold.ttf; sourceTree = "<group>"; };
		623825AB3BCFA0C37E9BA924 /* Pods_Kamelpay.framework */ = {isa = PBXFileReference; explicitFileType = wrapper.framework; includeInIndex = 0; path = Pods_Kamelpay.framework; sourceTree = BUILT_PRODUCTS_DIR; };
		6921B8B8F8A47FAD5B6A703E /* Pods-Kamelpay.release.xcconfig */ = {isa = PBXFileReference; includeInIndex = 1; lastKnownFileType = text.xcconfig; name = "Pods-Kamelpay.release.xcconfig"; path = "Target Support Files/Pods-Kamelpay/Pods-Kamelpay.release.xcconfig"; sourceTree = "<group>"; };
		6E6FCE4C1C0E4C51BA42F383 /* NotoNaskhArabic-Regular.ttf */ = {isa = PBXFileReference; explicitFileType = undefined; fileEncoding = 9; includeInIndex = 0; lastKnownFileType = unknown; name = "NotoNaskhArabic-Regular.ttf"; path = "../src/assets/fonts/NotoNaskhArabic-Regular.ttf"; sourceTree = "<group>"; };
		761780EC2CA45674006654EE /* AppDelegate.swift */ = {isa = PBXFileReference; lastKnownFileType = sourcecode.swift; name = AppDelegate.swift; path = Kamelpay/AppDelegate.swift; sourceTree = "<group>"; };
		81AB9BB72411601600AC10FF /* LaunchScreen.storyboard */ = {isa = PBXFileReference; fileEncoding = 4; lastKnownFileType = file.storyboard; name = LaunchScreen.storyboard; path = Kamelpay/LaunchScreen.storyboard; sourceTree = "<group>"; };
		9BCFF9DE76587AD65A565B70 /* Pods-Kamelpay.debug.xcconfig */ = {isa = PBXFileReference; includeInIndex = 1; lastKnownFileType = text.xcconfig; name = "Pods-Kamelpay.debug.xcconfig"; path = "Target Support Files/Pods-Kamelpay/Pods-Kamelpay.debug.xcconfig"; sourceTree = "<group>"; };
		A1DE7EF5957743D89FC20FA6 /* MontserratExtraBold.ttf */ = {isa = PBXFileReference; explicitFileType = undefined; fileEncoding = 9; includeInIndex = 0; lastKnownFileType = unknown; name = MontserratExtraBold.ttf; path = ../src/assets/fonts/MontserratExtraBold.ttf; sourceTree = "<group>"; };
		B7CED70DAFA44E6FB9CC5532 /* MontserratRegular.ttf */ = {isa = PBXFileReference; explicitFileType = undefined; fileEncoding = 9; includeInIndex = 0; lastKnownFileType = unknown; name = MontserratRegular.ttf; path = ../src/assets/fonts/MontserratRegular.ttf; sourceTree = "<group>"; };
		BD5599E2FC3E410ABEAFD956 /* MontserratThin.ttf */ = {isa = PBXFileReference; explicitFileType = undefined; fileEncoding = 9; includeInIndex = 0; lastKnownFileType = unknown; name = MontserratThin.ttf; path = ../src/assets/fonts/MontserratThin.ttf; sourceTree = "<group>"; };
		CAE5833E0DAF481DBFFEB811 /* MontserratMedium.ttf */ = {isa = PBXFileReference; explicitFileType = undefined; fileEncoding = 9; includeInIndex = 0; lastKnownFileType = unknown; name = MontserratMedium.ttf; path = ../src/assets/fonts/MontserratMedium.ttf; sourceTree = "<group>"; };
		E04FDB494D2E4343BF35B88C /* JannaLT-Regular.ttf */ = {isa = PBXFileReference; explicitFileType = undefined; fileEncoding = 9; includeInIndex = 0; lastKnownFileType = unknown; name = "JannaLT-Regular.ttf"; path = "../src/assets/fonts/JannaLT-Regular.ttf"; sourceTree = "<group>"; };
		E6E9FD4CAC0F48F389A243E6 /* MontserratExtraLight.ttf */ = {isa = PBXFileReference; explicitFileType = undefined; fileEncoding = 9; includeInIndex = 0; lastKnownFileType = unknown; name = MontserratExtraLight.ttf; path = ../src/assets/fonts/MontserratExtraLight.ttf; sourceTree = "<group>"; };
		EBFE1C3114C0448DB6C5C522 /* MontserratBlack.ttf */ = {isa = PBXFileReference; explicitFileType = undefined; fileEncoding = 9; includeInIndex = 0; lastKnownFileType = unknown; name = MontserratBlack.ttf; path = ../src/assets/fonts/MontserratBlack.ttf; sourceTree = "<group>"; };
		ED297162215061F000B7C4FE /* JavaScriptCore.framework */ = {isa = PBXFileReference; lastKnownFileType = wrapper.framework; name = JavaScriptCore.framework; path = System/Library/Frameworks/JavaScriptCore.framework; sourceTree = SDKROOT; };
		F34B8C783594334B86FFDB26 /* ExpoModulesProvider.swift */ = {isa = PBXFileReference; includeInIndex = 1; lastKnownFileType = sourcecode.swift; name = ExpoModulesProvider.swift; path = "Pods/Target Support Files/Pods-Kamelpay/ExpoModulesProvider.swift"; sourceTree = "<group>"; };
		F81FD12A7C194046AF5C21B7 /* NotoNaskhArabic-SemiBold.ttf */ = {isa = PBXFileReference; explicitFileType = undefined; fileEncoding = 9; includeInIndex = 0; lastKnownFileType = unknown; name = "NotoNaskhArabic-SemiBold.ttf"; path = "../src/assets/fonts/NotoNaskhArabic-SemiBold.ttf"; sourceTree = "<group>"; };
		FA5BA8262E95394200B25E37 /* uq-styles.plist */ = {isa = PBXFileReference; lastKnownFileType = file.bplist; path = "uq-styles.plist"; sourceTree = "<group>"; };
		FA5BA8272E95394200B25E37 /* uq-styles-dark.plist */ = {isa = PBXFileReference; lastKnownFileType = file.bplist; path = "uq-styles-dark.plist"; sourceTree = "<group>"; };
		FA5BA8282E95394200B25E37 /* uq-text.plist */ = {isa = PBXFileReference; lastKnownFileType = file.bplist; path = "uq-text.plist"; sourceTree = "<group>"; };
		FA6213362E966F8500539A5A /* OpenSSL.xcframework */ = {isa = PBXFileReference; expectedSignature = "AppleDeveloperProgram:67RAULRX93:Marcin Krzyzanowski"; lastKnownFileType = wrapper.xcframework; path = OpenSSL.xcframework; sourceTree = "<group>"; };
		FA6AACC02E8C4F0600004200 /* UqudoSDK.xcframework */ = {isa = PBXFileReference; lastKnownFileType = wrapper.xcframework; name = UqudoSDK.xcframework; path = Pods/UqudoSDK/UqudoSDK.xcframework; sourceTree = "<group>"; };
		FA81CDBD2E968BCE003D3A5F /* Kamelpay.entitlements */ = {isa = PBXFileReference; lastKnownFileType = text.plist.entitlements; name = Kamelpay.entitlements; path = Kamelpay/Kamelpay.entitlements; sourceTree = "<group>"; };
		FAC29BBC2E8EEC90004AC21B /* GoogleService-Info.plist */ = {isa = PBXFileReference; lastKnownFileType = text.plist.xml; path = "GoogleService-Info.plist"; sourceTree = "<group>"; };
		FAF189032E93CF7500E28A4D /* OpenSSL.xcframework */ = {isa = PBXFileReference; expectedSignature = "AppleDeveloperProgram:67RAULRX93:Marcin Krzyzanowski"; lastKnownFileType = wrapper.xcframework; name = OpenSSL.xcframework; path = ../../../Downloads/OpenSSL.xcframework; sourceTree = "<group>"; };
/* End PBXFileReference section */

/* Begin PBXFrameworksBuildPhase section */
		13B07F8C1A680F5B00A75B9A /* Frameworks */ = {
			isa = PBXFrameworksBuildPhase;
			buildActionMask = 2147483647;
			files = (
				FA6213372E966F8500539A5A /* OpenSSL.xcframework in Frameworks */,
				9645BD96BDD6FF4C526F4665 /* Pods_Kamelpay.framework in Frameworks */,
			);
			runOnlyForDeploymentPostprocessing = 0;
		};
/* End PBXFrameworksBuildPhase section */

/* Begin PBXGroup section */
		13B07FAE1A68108700A75B9A /* Kamelpay */ = {
			isa = PBXGroup;
			children = (
				FA81CDBD2E968BCE003D3A5F /* Kamelpay.entitlements */,
				FAC29BBC2E8EEC90004AC21B /* GoogleService-Info.plist */,
				13B07FB51A68108700A75B9A /* Images.xcassets */,
				761780EC2CA45674006654EE /* AppDelegate.swift */,
				13B07FB61A68108700A75B9A /* Info.plist */,
				81AB9BB72411601600AC10FF /* LaunchScreen.storyboard */,
				13B07FB81A68108700A75B9A /* PrivacyInfo.xcprivacy */,
			);
			name = Kamelpay;
			sourceTree = "<group>";
		};
		2A1DBC33EA0ACF8C7AE490C5 /* ExpoModulesProviders */ = {
			isa = PBXGroup;
			children = (
				577E0C6E047DE5F93ADA0ABA /* Kamelpay */,
			);
			name = ExpoModulesProviders;
			sourceTree = "<group>";
		};
		2D16E6871FA4F8E400B85C8A /* Frameworks */ = {
			isa = PBXGroup;
			children = (
				FAF189032E93CF7500E28A4D /* OpenSSL.xcframework */,
				FA6213362E966F8500539A5A /* OpenSSL.xcframework */,
				FA6AACC02E8C4F0600004200 /* UqudoSDK.xcframework */,
				ED297162215061F000B7C4FE /* JavaScriptCore.framework */,
				623825AB3BCFA0C37E9BA924 /* Pods_Kamelpay.framework */,
			);
			name = Frameworks;
			sourceTree = "<group>";
		};
		577E0C6E047DE5F93ADA0ABA /* Kamelpay */ = {
			isa = PBXGroup;
			children = (
				F34B8C783594334B86FFDB26 /* ExpoModulesProvider.swift */,
			);
			name = Kamelpay;
			sourceTree = "<group>";
		};
		7C5ACAD9BF5E49FB89D9000D /* Resources */ = {
			isa = PBXGroup;
			children = (
				3D8806AA7C8A411C87519F71 /* JameelNooriKasheeda.ttf */,
				E04FDB494D2E4343BF35B88C /* JannaLT-Regular.ttf */,
				EBFE1C3114C0448DB6C5C522 /* MontserratBlack.ttf */,
				54F3FB3EF78E4B95A8DED940 /* MontserratBold.ttf */,
				A1DE7EF5957743D89FC20FA6 /* MontserratExtraBold.ttf */,
				E6E9FD4CAC0F48F389A243E6 /* MontserratExtraLight.ttf */,
				15E9208F62604DD0A5FE2BF0 /* MontserratItalic.ttf */,
				0E0491BE1AC74EBEB3177166 /* MontserratLight.ttf */,
				CAE5833E0DAF481DBFFEB811 /* MontserratMedium.ttf */,
				B7CED70DAFA44E6FB9CC5532 /* MontserratRegular.ttf */,
				28E7779E6FF64BABA356E956 /* MontserratSemiBold.ttf */,
				BD5599E2FC3E410ABEAFD956 /* MontserratThin.ttf */,
				15471A3464BD444D865F7155 /* NotoNaskhArabic-Bold.ttf */,
				22DE50039E4A45558A0B6C14 /* NotoNaskhArabic-Medium.ttf */,
				6E6FCE4C1C0E4C51BA42F383 /* NotoNaskhArabic-Regular.ttf */,
				F81FD12A7C194046AF5C21B7 /* NotoNaskhArabic-SemiBold.ttf */,
				3610724496C74B459A96B984 /* icomoon.ttf */,
			);
			name = Resources;
			sourceTree = "<group>";
		};
		832341AE1AAA6A7D00B99B32 /* Libraries */ = {
			isa = PBXGroup;
			children = (
			);
			name = Libraries;
			sourceTree = "<group>";
		};
		83CBB9F61A601CBA00E9B192 = {
			isa = PBXGroup;
			children = (
				FA5BA8262E95394200B25E37 /* uq-styles.plist */,
				FA5BA8272E95394200B25E37 /* uq-styles-dark.plist */,
				FA5BA8282E95394200B25E37 /* uq-text.plist */,
				13B07FAE1A68108700A75B9A /* Kamelpay */,
				832341AE1AAA6A7D00B99B32 /* Libraries */,
				83CBBA001A601CBA00E9B192 /* Products */,
				2D16E6871FA4F8E400B85C8A /* Frameworks */,
				BBD78D7AC51CEA395F1C20DB /* Pods */,
				2A1DBC33EA0ACF8C7AE490C5 /* ExpoModulesProviders */,
				7C5ACAD9BF5E49FB89D9000D /* Resources */,
			);
			indentWidth = 2;
			sourceTree = "<group>";
			tabWidth = 2;
			usesTabs = 0;
		};
		83CBBA001A601CBA00E9B192 /* Products */ = {
			isa = PBXGroup;
			children = (
				13B07F961A680F5B00A75B9A /* Kamelpay.app */,
			);
			name = Products;
			sourceTree = "<group>";
		};
		BBD78D7AC51CEA395F1C20DB /* Pods */ = {
			isa = PBXGroup;
			children = (
				9BCFF9DE76587AD65A565B70 /* Pods-Kamelpay.debug.xcconfig */,
				6921B8B8F8A47FAD5B6A703E /* Pods-Kamelpay.release.xcconfig */,
			);
			path = Pods;
			sourceTree = "<group>";
		};
/* End PBXGroup section */

/* Begin PBXNativeTarget section */
		13B07F861A680F5B00A75B9A /* Kamelpay */ = {
			isa = PBXNativeTarget;
			buildConfigurationList = 13B07F931A680F5B00A75B9A /* Build configuration list for PBXNativeTarget "Kamelpay" */;
			buildPhases = (
				8ECB3B979843E1FD4048104F /* [CP] Check Pods Manifest.lock */,
				465EBF933C79E678E2D2A623 /* [Expo] Configure project */,
				13B07F871A680F5B00A75B9A /* Sources */,
				13B07F8C1A680F5B00A75B9A /* Frameworks */,
				13B07F8E1A680F5B00A75B9A /* Resources */,
				00DD1BFF1BD5951E006B06BC /* Bundle React Native code and images */,
				9553FE5CA0EC4FBE83501A22 /* Upload Debug Symbols to Sentry */,
				FA4632462E966B10001960DC /* Embed Frameworks */,
				64DC5ACCFEF20E667641B4F6 /* [CP] Embed Pods Frameworks */,
				9FEEE3540E5EA8FA6F3E5BDA /* [CP] Copy Pods Resources */,
				DAB739E910FB8241115E9C24 /* [CP-User] [RNFB] Core Configuration */,
			);
			buildRules = (
			);
			dependencies = (
			);
			name = Kamelpay;
			productName = Kamelpay;
			productReference = 13B07F961A680F5B00A75B9A /* Kamelpay.app */;
			productType = "com.apple.product-type.application";
		};
/* End PBXNativeTarget section */

/* Begin PBXProject section */
		83CBB9F71A601CBA00E9B192 /* Project object */ = {
			isa = PBXProject;
			attributes = {
				LastUpgradeCheck = 1210;
				TargetAttributes = {
					13B07F861A680F5B00A75B9A = {
						LastSwiftMigration = 1120;
					};
				};
			};
			buildConfigurationList = 83CBB9FA1A601CBA00E9B192 /* Build configuration list for PBXProject "Kamelpay" */;
			compatibilityVersion = "Xcode 12.0";
			developmentRegion = en;
			hasScannedForEncodings = 0;
			knownRegions = (
				en,
				Base,
			);
			mainGroup = 83CBB9F61A601CBA00E9B192;
			productRefGroup = 83CBBA001A601CBA00E9B192 /* Products */;
			projectDirPath = "";
			projectRoot = "";
			targets = (
				13B07F861A680F5B00A75B9A /* Kamelpay */,
			);
		};
/* End PBXProject section */

/* Begin PBXResourcesBuildPhase section */
		13B07F8E1A680F5B00A75B9A /* Resources */ = {
			isa = PBXResourcesBuildPhase;
			buildActionMask = 2147483647;
			files = (
				81AB9BB82411601600AC10FF /* LaunchScreen.storyboard in Resources */,
				FAC29BBD2E8EEC90004AC21B /* GoogleService-Info.plist in Resources */,
				13B07FBF1A68108700A75B9A /* Images.xcassets in Resources */,
				C5CE5C5E6F96EB5EF47A6EFA /* PrivacyInfo.xcprivacy in Resources */,
				DB7B9B7F43E04283A0862846 /* JameelNooriKasheeda.ttf in Resources */,
				86D6C6780AC14DA793C37E9B /* JannaLT-Regular.ttf in Resources */,
				BDC569833778486FAF511383 /* MontserratBlack.ttf in Resources */,
				31F6CB7FE70049CD93F9292C /* MontserratBold.ttf in Resources */,
				601AACD248FB4EB69857FF49 /* MontserratExtraBold.ttf in Resources */,
				9A269DD3E76B49D183CC88FE /* MontserratExtraLight.ttf in Resources */,
				2B1A9552518849DE8DB9D846 /* MontserratItalic.ttf in Resources */,
				B948B4D769984417A1F532BA /* MontserratLight.ttf in Resources */,
				723D91A36E7B4978A7999F05 /* MontserratMedium.ttf in Resources */,
				B5FBC12C5D3E4A50A3C21AE2 /* MontserratRegular.ttf in Resources */,
				530AB6A7CCEE412A92BB0477 /* MontserratSemiBold.ttf in Resources */,
				7C24C88CE14C41669EC51074 /* MontserratThin.ttf in Resources */,
				EBC966999CE943CF919B0D74 /* NotoNaskhArabic-Bold.ttf in Resources */,
				512FC9196C334822A60DDF5F /* NotoNaskhArabic-Medium.ttf in Resources */,
				8F916019EE2644568B7C0FAE /* NotoNaskhArabic-Regular.ttf in Resources */,
				FA5BA8292E95394200B25E37 /* uq-text.plist in Resources */,
				FA5BA82A2E95394200B25E37 /* uq-styles-dark.plist in Resources */,
				FA5BA82B2E95394200B25E37 /* uq-styles.plist in Resources */,
				3CD1EA86CDDC4ABAB92B04AC /* NotoNaskhArabic-SemiBold.ttf in Resources */,
				14D6B9CDDA534731AB97EBDC /* icomoon.ttf in Resources */,
			);
			runOnlyForDeploymentPostprocessing = 0;
		};
/* End PBXResourcesBuildPhase section */

/* Begin PBXShellScriptBuildPhase section */
		00DD1BFF1BD5951E006B06BC /* Bundle React Native code and images */ = {
			isa = PBXShellScriptBuildPhase;
			buildActionMask = 2147483647;
			files = (
			);
			inputPaths = (
				"$(SRCROOT)/.xcode.env.local",
				"$(SRCROOT)/.xcode.env",
			);
			name = "Bundle React Native code and images";
			outputPaths = (
			);
			runOnlyForDeploymentPostprocessing = 0;
			shellPath = /bin/sh;
			shellScript = "if [[ -f \"$PODS_ROOT/../.xcode.env\" ]]; then\n  source \"$PODS_ROOT/../.xcode.env\"\nfi\nif [[ -f \"$PODS_ROOT/../.xcode.env.local\" ]]; then\n  source \"$PODS_ROOT/../.xcode.env.local\"\nfi\n\n# The project root by default is one level up from the ios directory\nexport PROJECT_ROOT=\"$PROJECT_DIR\"/..\n\nif [[ \"$CONFIGURATION\" = *Debug* ]]; then\n  export SKIP_BUNDLING=1\nfi\nif [[ -z \"$ENTRY_FILE\" ]]; then\n  # Set the entry JS file using the bundler's entry resolution.\n  export ENTRY_FILE=\"$(\"$NODE_BINARY\" -e \"require('expo/scripts/resolveAppEntry')\" \"$PROJECT_ROOT\" ios absolute | tail -n 1)\"\nfi\n\nif [[ -z \"$CLI_PATH\" ]]; then\n  # Use Expo CLI\n  export CLI_PATH=\"$(\"$NODE_BINARY\" --print \"require.resolve('@expo/cli')\")\"\nfi\nif [[ -z \"$BUNDLE_COMMAND\" ]]; then\n  # Default Expo CLI command for bundling\n  export BUNDLE_COMMAND=\"export:embed\"\nfi\n\n/bin/sh `\"$NODE_BINARY\" --print \"require('path').dirname(require.resolve('@sentry/react-native/package.json')) + '/scripts/sentry-xcode.sh'\"` `\"$NODE_BINARY\" --print \"require('path').dirname(require.resolve('react-native/package.json')) + '/scripts/react-native-xcode.sh'\"`\n";
		};
		465EBF933C79E678E2D2A623 /* [Expo] Configure project */ = {
			isa = PBXShellScriptBuildPhase;
			alwaysOutOfDate = 1;
			buildActionMask = 2147483647;
			files = (
			);
			inputFileListPaths = (
			);
			inputPaths = (
				"$(SRCROOT)/.xcode.env",
				"$(SRCROOT)/.xcode.env.local",
				"$(SRCROOT)/Pods/Target Support Files/Pods-Kamelpay/expo-configure-project.sh",
			);
			name = "[Expo] Configure project";
			outputFileListPaths = (
			);
			outputPaths = (
				"$(SRCROOT)/Pods/Target Support Files/Pods-Kamelpay/ExpoModulesProvider.swift",
			);
			runOnlyForDeploymentPostprocessing = 0;
			shellPath = /bin/sh;
			shellScript = "# This script configures Expo modules and generates the modules provider file.\nbash -l -c \"./Pods/Target\\ Support\\ Files/Pods-Kamelpay/expo-configure-project.sh\"\n";
		};
		64DC5ACCFEF20E667641B4F6 /* [CP] Embed Pods Frameworks */ = {
			isa = PBXShellScriptBuildPhase;
			buildActionMask = 2147483647;
			files = (
			);
			inputFileListPaths = (
				"${PODS_ROOT}/Target Support Files/Pods-Kamelpay/Pods-Kamelpay-frameworks-${CONFIGURATION}-input-files.xcfilelist",
			);
			inputPaths = (
			);
			name = "[CP] Embed Pods Frameworks";
			outputFileListPaths = (
				"${PODS_ROOT}/Target Support Files/Pods-Kamelpay/Pods-Kamelpay-frameworks-${CONFIGURATION}-output-files.xcfilelist",
			);
			outputPaths = (
			);
			runOnlyForDeploymentPostprocessing = 0;
			shellPath = /bin/sh;
			shellScript = "\"${PODS_ROOT}/Target Support Files/Pods-Kamelpay/Pods-Kamelpay-frameworks.sh\"\n";
			showEnvVarsInLog = 0;
		};
		8ECB3B979843E1FD4048104F /* [CP] Check Pods Manifest.lock */ = {
			isa = PBXShellScriptBuildPhase;
			buildActionMask = 2147483647;
			files = (
			);
			inputFileListPaths = (
			);
			inputPaths = (
				"${PODS_PODFILE_DIR_PATH}/Podfile.lock",
				"${PODS_ROOT}/Manifest.lock",
			);
			name = "[CP] Check Pods Manifest.lock";
			outputFileListPaths = (
			);
			outputPaths = (
				"$(DERIVED_FILE_DIR)/Pods-Kamelpay-checkManifestLockResult.txt",
			);
			runOnlyForDeploymentPostprocessing = 0;
			shellPath = /bin/sh;
			shellScript = "diff \"${PODS_PODFILE_DIR_PATH}/Podfile.lock\" \"${PODS_ROOT}/Manifest.lock\" > /dev/null\nif [ $? != 0 ] ; then\n    # print error to STDERR\n    echo \"error: The sandbox is not in sync with the Podfile.lock. Run 'pod install' or update your CocoaPods installation.\" >&2\n    exit 1\nfi\n# This output is used by Xcode 'outputs' to avoid re-running this script phase.\necho \"SUCCESS\" > \"${SCRIPT_OUTPUT_FILE_0}\"\n";
			showEnvVarsInLog = 0;
		};
		9553FE5CA0EC4FBE83501A22 /* Upload Debug Symbols to Sentry */ = {
			isa = PBXShellScriptBuildPhase;
			buildActionMask = 2147483647;
			files = (
			);
			inputPaths = (
			);
			name = "Upload Debug Symbols to Sentry";
			outputPaths = (
			);
			runOnlyForDeploymentPostprocessing = 0;
			shellPath = /bin/sh;
			shellScript = "/bin/sh ../node_modules/@sentry/react-native/scripts/sentry-xcode-debug-files.sh";
		};
		9FEEE3540E5EA8FA6F3E5BDA /* [CP] Copy Pods Resources */ = {
			isa = PBXShellScriptBuildPhase;
			buildActionMask = 2147483647;
			files = (
			);
			inputFileListPaths = (
				"${PODS_ROOT}/Target Support Files/Pods-Kamelpay/Pods-Kamelpay-resources-${CONFIGURATION}-input-files.xcfilelist",
			);
			inputPaths = (
			);
			name = "[CP] Copy Pods Resources";
			outputFileListPaths = (
				"${PODS_ROOT}/Target Support Files/Pods-Kamelpay/Pods-Kamelpay-resources-${CONFIGURATION}-output-files.xcfilelist",
			);
			outputPaths = (
			);
			runOnlyForDeploymentPostprocessing = 0;
			shellPath = /bin/sh;
			shellScript = "\"${PODS_ROOT}/Target Support Files/Pods-Kamelpay/Pods-Kamelpay-resources.sh\"\n";
			showEnvVarsInLog = 0;
		};
		DAB739E910FB8241115E9C24 /* [CP-User] [RNFB] Core Configuration */ = {
			isa = PBXShellScriptBuildPhase;
			buildActionMask = 2147483647;
			files = (
			);
			inputPaths = (
				"$(BUILT_PRODUCTS_DIR)/$(INFOPLIST_PATH)",
			);
			name = "[CP-User] [RNFB] Core Configuration";
			outputPaths = (
			);
			runOnlyForDeploymentPostprocessing = 0;
			shellPath = /bin/sh;
			shellScript = "#!/usr/bin/env bash\n#\n# Copyright (c) 2016-present Invertase Limited & Contributors\n#\n# Licensed under the Apache License, Version 2.0 (the \"License\");\n# you may not use this library except in compliance with the License.\n# You may obtain a copy of the License at\n#\n#   http://www.apache.org/licenses/LICENSE-2.0\n#\n# Unless required by applicable law or agreed to in writing, software\n# distributed under the License is distributed on an \"AS IS\" BASIS,\n# WITHOUT WARRANTIES OR CONDITIONS OF ANY KIND, either express or implied.\n# See the License for the specific language governing permissions and\n# limitations under the License.\n#\n\n##########################################################################\n##########################################################################\n#\n#  NOTE THAT IF YOU CHANGE THIS FILE YOU MUST RUN pod install AFTERWARDS\n#\n#  This file is installed as an Xcode build script in the project file\n#  by cocoapods, and you will not see your changes until you pod install\n#\n##########################################################################\n##########################################################################\n\nset -e\n\n_MAX_LOOKUPS=2;\n_SEARCH_RESULT=''\n_RN_ROOT_EXISTS=''\n_CURRENT_LOOKUPS=1\n_JSON_ROOT=\"'react-native'\"\n_JSON_FILE_NAME='firebase.json'\n_JSON_OUTPUT_BASE64='e30=' # { }\n_CURRENT_SEARCH_DIR=${PROJECT_DIR}\n_PLIST_BUDDY=/usr/libexec/PlistBuddy\n_TARGET_PLIST=\"${BUILT_PRODUCTS_DIR}/${INFOPLIST_PATH}\"\n_DSYM_PLIST=\"${DWARF_DSYM_FOLDER_PATH}/${DWARF_DSYM_FILE_NAME}/Contents/Info.plist\"\n\n# plist arrays\n_PLIST_ENTRY_KEYS=()\n_PLIST_ENTRY_TYPES=()\n_PLIST_ENTRY_VALUES=()\n\nfunction setPlistValue {\n  echo \"info:      setting plist entry '$1' of type '$2' in file '$4'\"\n  ${_PLIST_BUDDY} -c \"Add :$1 $2 '$3'\" $4 || echo \"info:      '$1' already exists\"\n}\n\nfunction getFirebaseJsonKeyValue () {\n  if [[ ${_RN_ROOT_EXISTS} ]]; then\n    ruby -Ku -e \"require 'rubygems';require 'json'; output=JSON.parse('$1'); puts output[$_JSON_ROOT]['$2']\"\n  else\n    echo \"\"\n  fi;\n}\n\nfunction jsonBoolToYesNo () {\n  if [[ $1 == \"false\" ]]; then\n    echo \"NO\"\n  elif [[ $1 == \"true\" ]]; then\n    echo \"YES\"\n  else echo \"NO\"\n  fi\n}\n\necho \"info: -> RNFB build script started\"\necho \"info: 1) Locating ${_JSON_FILE_NAME} file:\"\n\nif [[ -z ${_CURRENT_SEARCH_DIR} ]]; then\n  _CURRENT_SEARCH_DIR=$(pwd)\nfi;\n\nwhile true; do\n  _CURRENT_SEARCH_DIR=$(dirname \"$_CURRENT_SEARCH_DIR\")\n  if [[ \"$_CURRENT_SEARCH_DIR\" == \"/\" ]] || [[ ${_CURRENT_LOOKUPS} -gt ${_MAX_LOOKUPS} ]]; then break; fi;\n  echo \"info:      ($_CURRENT_LOOKUPS of $_MAX_LOOKUPS) Searching in '$_CURRENT_SEARCH_DIR' for a ${_JSON_FILE_NAME} file.\"\n  _SEARCH_RESULT=$(find \"$_CURRENT_SEARCH_DIR\" -maxdepth 2 -name ${_JSON_FILE_NAME} -print | /usr/bin/head -n 1)\n  if [[ ${_SEARCH_RESULT} ]]; then\n    echo \"info:      ${_JSON_FILE_NAME} found at $_SEARCH_RESULT\"\n    break;\n  fi;\n  _CURRENT_LOOKUPS=$((_CURRENT_LOOKUPS+1))\ndone\n\nif [[ ${_SEARCH_RESULT} ]]; then\n  _JSON_OUTPUT_RAW=$(cat \"${_SEARCH_RESULT}\")\n  if ! _RN_ROOT_EXISTS=$(ruby -Ku -e \"require 'json'; output=JSON.parse('$_JSON_OUTPUT_RAW'); puts output[$_JSON_ROOT]\"); then\n    echo \"error: Failed to parse firebase.json, check for syntax errors.\"\n    exit 1\n  fi\n\n  if [[ ${_RN_ROOT_EXISTS} ]]; then\n    if ! python3 --version >/dev/null 2>&1; then echo \"python3 not found, firebase.json file processing error.\" && exit 1; fi\n    _JSON_OUTPUT_BASE64=$(python3 -c 'import json,sys,base64;print(base64.b64encode(bytes(json.dumps(json.loads(open('\"'${_SEARCH_RESULT}'\"', '\"'rb'\"').read())['${_JSON_ROOT}']), '\"'utf-8'\"')).decode())' || echo \"e30=\")\n  fi\n\n  _PLIST_ENTRY_KEYS+=(\"firebase_json_raw\")\n  _PLIST_ENTRY_TYPES+=(\"string\")\n  _PLIST_ENTRY_VALUES+=(\"$_JSON_OUTPUT_BASE64\")\n\n  # config.app_data_collection_default_enabled\n  _APP_DATA_COLLECTION_ENABLED=$(getFirebaseJsonKeyValue \"$_JSON_OUTPUT_RAW\" \"app_data_collection_default_enabled\")\n  if [[ $_APP_DATA_COLLECTION_ENABLED ]]; then\n    _PLIST_ENTRY_KEYS+=(\"FirebaseDataCollectionDefaultEnabled\")\n    _PLIST_ENTRY_TYPES+=(\"bool\")\n    _PLIST_ENTRY_VALUES+=(\"$(jsonBoolToYesNo \"$_APP_DATA_COLLECTION_ENABLED\")\")\n  fi\n\n  # config.analytics_auto_collection_enabled\n  _ANALYTICS_AUTO_COLLECTION=$(getFirebaseJsonKeyValue \"$_JSON_OUTPUT_RAW\" \"analytics_auto_collection_enabled\")\n  if [[ $_ANALYTICS_AUTO_COLLECTION ]]; then\n    _PLIST_ENTRY_KEYS+=(\"FIREBASE_ANALYTICS_COLLECTION_ENABLED\")\n    _PLIST_ENTRY_TYPES+=(\"bool\")\n    _PLIST_ENTRY_VALUES+=(\"$(jsonBoolToYesNo \"$_ANALYTICS_AUTO_COLLECTION\")\")\n  fi\n\n  # config.analytics_collection_deactivated\n  _ANALYTICS_DEACTIVATED=$(getFirebaseJsonKeyValue \"$_JSON_OUTPUT_RAW\" \"analytics_collection_deactivated\")\n  if [[ $_ANALYTICS_DEACTIVATED ]]; then\n    _PLIST_ENTRY_KEYS+=(\"FIREBASE_ANALYTICS_COLLECTION_DEACTIVATED\")\n    _PLIST_ENTRY_TYPES+=(\"bool\")\n    _PLIST_ENTRY_VALUES+=(\"$(jsonBoolToYesNo \"$_ANALYTICS_DEACTIVATED\")\")\n  fi\n\n  # config.analytics_idfv_collection_enabled\n  _ANALYTICS_IDFV_COLLECTION=$(getFirebaseJsonKeyValue \"$_JSON_OUTPUT_RAW\" \"analytics_idfv_collection_enabled\")\n  if [[ $_ANALYTICS_IDFV_COLLECTION ]]; then\n    _PLIST_ENTRY_KEYS+=(\"GOOGLE_ANALYTICS_IDFV_COLLECTION_ENABLED\")\n    _PLIST_ENTRY_TYPES+=(\"bool\")\n    _PLIST_ENTRY_VALUES+=(\"$(jsonBoolToYesNo \"$_ANALYTICS_IDFV_COLLECTION\")\")\n  fi\n\n  # config.analytics_default_allow_analytics_storage\n  _ANALYTICS_STORAGE=$(getFirebaseJsonKeyValue \"$_JSON_OUTPUT_RAW\" \"analytics_default_allow_analytics_storage\")\n  if [[ $_ANALYTICS_STORAGE ]]; then\n    _PLIST_ENTRY_KEYS+=(\"GOOGLE_ANALYTICS_DEFAULT_ALLOW_ANALYTICS_STORAGE\")\n    _PLIST_ENTRY_TYPES+=(\"bool\")\n    _PLIST_ENTRY_VALUES+=(\"$(jsonBoolToYesNo \"$_ANALYTICS_STORAGE\")\")\n  fi\n\n  # config.analytics_default_allow_ad_storage\n  _ANALYTICS_AD_STORAGE=$(getFirebaseJsonKeyValue \"$_JSON_OUTPUT_RAW\" \"analytics_default_allow_ad_storage\")\n  if [[ $_ANALYTICS_AD_STORAGE ]]; then\n    _PLIST_ENTRY_KEYS+=(\"GOOGLE_ANALYTICS_DEFAULT_ALLOW_AD_STORAGE\")\n    _PLIST_ENTRY_TYPES+=(\"bool\")\n    _PLIST_ENTRY_VALUES+=(\"$(jsonBoolToYesNo \"$_ANALYTICS_AD_STORAGE\")\")\n  fi\n\n  # config.analytics_default_allow_ad_user_data\n  _ANALYTICS_AD_USER_DATA=$(getFirebaseJsonKeyValue \"$_JSON_OUTPUT_RAW\" \"analytics_default_allow_ad_user_data\")\n  if [[ $_ANALYTICS_AD_USER_DATA ]]; then\n    _PLIST_ENTRY_KEYS+=(\"GOOGLE_ANALYTICS_DEFAULT_ALLOW_AD_USER_DATA\")\n    _PLIST_ENTRY_TYPES+=(\"bool\")\n    _PLIST_ENTRY_VALUES+=(\"$(jsonBoolToYesNo \"$_ANALYTICS_AD_USER_DATA\")\")\n  fi\n\n  # config.analytics_default_allow_ad_personalization_signals\n  _ANALYTICS_PERSONALIZATION=$(getFirebaseJsonKeyValue \"$_JSON_OUTPUT_RAW\" \"analytics_default_allow_ad_personalization_signals\")\n  if [[ $_ANALYTICS_PERSONALIZATION ]]; then\n    _PLIST_ENTRY_KEYS+=(\"GOOGLE_ANALYTICS_DEFAULT_ALLOW_AD_PERSONALIZATION_SIGNALS\")\n    _PLIST_ENTRY_TYPES+=(\"bool\")\n    _PLIST_ENTRY_VALUES+=(\"$(jsonBoolToYesNo \"$_ANALYTICS_PERSONALIZATION\")\")\n  fi\n\n  # config.analytics_registration_with_ad_network_enabled\n  _ANALYTICS_REGISTRATION_WITH_AD_NETWORK=$(getFirebaseJsonKeyValue \"$_JSON_OUTPUT_RAW\" \"google_analytics_registration_with_ad_network_enabled\")\n  if [[ $_ANALYTICS_REGISTRATION_WITH_AD_NETWORK ]]; then\n    _PLIST_ENTRY_KEYS+=(\"GOOGLE_ANALYTICS_REGISTRATION_WITH_AD_NETWORK_ENABLED\")\n    _PLIST_ENTRY_TYPES+=(\"bool\")\n    _PLIST_ENTRY_VALUES+=(\"$(jsonBoolToYesNo \"$_ANALYTICS_REGISTRATION_WITH_AD_NETWORK\")\")\n  fi\n\n  # config.google_analytics_automatic_screen_reporting_enabled\n  _ANALYTICS_AUTO_SCREEN_REPORTING=$(getFirebaseJsonKeyValue \"$_JSON_OUTPUT_RAW\" \"google_analytics_automatic_screen_reporting_enabled\")\n  if [[ $_ANALYTICS_AUTO_SCREEN_REPORTING ]]; then\n    _PLIST_ENTRY_KEYS+=(\"FirebaseAutomaticScreenReportingEnabled\")\n    _PLIST_ENTRY_TYPES+=(\"bool\")\n    _PLIST_ENTRY_VALUES+=(\"$(jsonBoolToYesNo \"$_ANALYTICS_AUTO_SCREEN_REPORTING\")\")\n  fi\n\n  # config.perf_auto_collection_enabled\n  _PERF_AUTO_COLLECTION=$(getFirebaseJsonKeyValue \"$_JSON_OUTPUT_RAW\" \"perf_auto_collection_enabled\")\n  if [[ $_PERF_AUTO_COLLECTION ]]; then\n    _PLIST_ENTRY_KEYS+=(\"firebase_performance_collection_enabled\")\n    _PLIST_ENTRY_TYPES+=(\"bool\")\n    _PLIST_ENTRY_VALUES+=(\"$(jsonBoolToYesNo \"$_PERF_AUTO_COLLECTION\")\")\n  fi\n\n  # config.perf_collection_deactivated\n  _PERF_DEACTIVATED=$(getFirebaseJsonKeyValue \"$_JSON_OUTPUT_RAW\" \"perf_collection_deactivated\")\n  if [[ $_PERF_DEACTIVATED ]]; then\n    _PLIST_ENTRY_KEYS+=(\"firebase_performance_collection_deactivated\")\n    _PLIST_ENTRY_TYPES+=(\"bool\")\n    _PLIST_ENTRY_VALUES+=(\"$(jsonBoolToYesNo \"$_PERF_DEACTIVATED\")\")\n  fi\n\n  # config.messaging_auto_init_enabled\n  _MESSAGING_AUTO_INIT=$(getFirebaseJsonKeyValue \"$_JSON_OUTPUT_RAW\" \"messaging_auto_init_enabled\")\n  if [[ $_MESSAGING_AUTO_INIT ]]; then\n    _PLIST_ENTRY_KEYS+=(\"FirebaseMessagingAutoInitEnabled\")\n    _PLIST_ENTRY_TYPES+=(\"bool\")\n    _PLIST_ENTRY_VALUES+=(\"$(jsonBoolToYesNo \"$_MESSAGING_AUTO_INIT\")\")\n  fi\n\n  # config.in_app_messaging_auto_colllection_enabled\n  _FIAM_AUTO_INIT=$(getFirebaseJsonKeyValue \"$_JSON_OUTPUT_RAW\" \"in_app_messaging_auto_collection_enabled\")\n  if [[ $_FIAM_AUTO_INIT ]]; then\n    _PLIST_ENTRY_KEYS+=(\"FirebaseInAppMessagingAutomaticDataCollectionEnabled\")\n    _PLIST_ENTRY_TYPES+=(\"bool\")\n    _PLIST_ENTRY_VALUES+=(\"$(jsonBoolToYesNo \"$_FIAM_AUTO_INIT\")\")\n  fi\n\n  # config.app_check_token_auto_refresh\n  _APP_CHECK_TOKEN_AUTO_REFRESH=$(getFirebaseJsonKeyValue \"$_JSON_OUTPUT_RAW\" \"app_check_token_auto_refresh\")\n  if [[ $_APP_CHECK_TOKEN_AUTO_REFRESH ]]; then\n    _PLIST_ENTRY_KEYS+=(\"FirebaseAppCheckTokenAutoRefreshEnabled\")\n    _PLIST_ENTRY_TYPES+=(\"bool\")\n    _PLIST_ENTRY_VALUES+=(\"$(jsonBoolToYesNo \"$_APP_CHECK_TOKEN_AUTO_REFRESH\")\")\n  fi\n\n  # config.crashlytics_disable_auto_disabler - undocumented for now - mainly for debugging, document if becomes useful\n  _CRASHLYTICS_AUTO_DISABLE_ENABLED=$(getFirebaseJsonKeyValue \"$_JSON_OUTPUT_RAW\" \"crashlytics_disable_auto_disabler\")\n  if [[ $_CRASHLYTICS_AUTO_DISABLE_ENABLED == \"true\" ]]; then\n    echo \"Disabled Crashlytics auto disabler.\" # do nothing\n  else\n    _PLIST_ENTRY_KEYS+=(\"FirebaseCrashlyticsCollectionEnabled\")\n    _PLIST_ENTRY_TYPES+=(\"bool\")\n    _PLIST_ENTRY_VALUES+=(\"NO\")\n  fi\nelse\n  _PLIST_ENTRY_KEYS+=(\"firebase_json_raw\")\n  _PLIST_ENTRY_TYPES+=(\"string\")\n  _PLIST_ENTRY_VALUES+=(\"$_JSON_OUTPUT_BASE64\")\n  echo \"warning:   A firebase.json file was not found, whilst this file is optional it is recommended to include it to configure firebase services in React Native Firebase.\"\nfi;\n\necho \"info: 2) Injecting Info.plist entries: \"\n\n# Log out the keys we're adding\nfor i in \"${!_PLIST_ENTRY_KEYS[@]}\"; do\n  echo \"    ->  $i) ${_PLIST_ENTRY_KEYS[$i]}\" \"${_PLIST_ENTRY_TYPES[$i]}\" \"${_PLIST_ENTRY_VALUES[$i]}\"\ndone\n\nfor plist in \"${_TARGET_PLIST}\" \"${_DSYM_PLIST}\" ; do\n  if [[ -f \"${plist}\" ]]; then\n\n    # paths with spaces break the call to setPlistValue. temporarily modify\n    # the shell internal field separator variable (IFS), which normally\n    # includes spaces, to consist only of line breaks\n    oldifs=$IFS\n    IFS=\"\n\"\n\n    for i in \"${!_PLIST_ENTRY_KEYS[@]}\"; do\n      setPlistValue \"${_PLIST_ENTRY_KEYS[$i]}\" \"${_PLIST_ENTRY_TYPES[$i]}\" \"${_PLIST_ENTRY_VALUES[$i]}\" \"${plist}\"\n    done\n\n    # restore the original internal field separator value\n    IFS=$oldifs\n  else\n    echo \"warning:   A Info.plist build output file was not found (${plist})\"\n  fi\ndone\n\necho \"info: <- RNFB build script finished\"\n";
		};
/* End PBXShellScriptBuildPhase section */

/* Begin PBXSourcesBuildPhase section */
		13B07F871A680F5B00A75B9A /* Sources */ = {
			isa = PBXSourcesBuildPhase;
			buildActionMask = 2147483647;
			files = (
				761780ED2CA45674006654EE /* AppDelegate.swift in Sources */,
				88BC0167477B0F6D3BAA0E74 /* ExpoModulesProvider.swift in Sources */,
			);
			runOnlyForDeploymentPostprocessing = 0;
		};
/* End PBXSourcesBuildPhase section */

/* Begin XCBuildConfiguration section */
		13B07F941A680F5B00A75B9A /* Debug */ = {
			isa = XCBuildConfiguration;
			baseConfigurationReference = 9BCFF9DE76587AD65A565B70 /* Pods-Kamelpay.debug.xcconfig */;
			buildSettings = {
				ASSETCATALOG_COMPILER_APPICON_NAME = AppIcon;
				CLANG_ENABLE_MODULES = YES;
				CODE_SIGN_ENTITLEMENTS = Kamelpay/Kamelpay.entitlements;
				CURRENT_PROJECT_VERSION = 1;
				DEVELOPMENT_TEAM = 94T5VS5SSY;
				ENABLE_BITCODE = NO;
				HEADER_SEARCH_PATHS = (
					"$(inherited)",
					"\"${PODS_CONFIGURATION_BUILD_DIR}/BVLinearGradient/BVLinearGradient.framework/Headers\"",
					"\"${PODS_CONFIGURATION_BUILD_DIR}/DatadogCore/DatadogCore.framework/Headers\"",
					"\"${PODS_CONFIGURATION_BUILD_DIR}/DatadogCrashReporting/DatadogCrashReporting.framework/Headers\"",
					"\"${PODS_CONFIGURATION_BUILD_DIR}/DatadogInternal/DatadogInternal.framework/Headers\"",
					"\"${PODS_CONFIGURATION_BUILD_DIR}/DatadogLogs/DatadogLogs.framework/Headers\"",
					"\"${PODS_CONFIGURATION_BUILD_DIR}/DatadogRUM/DatadogRUM.framework/Headers\"",
					"\"${PODS_CONFIGURATION_BUILD_DIR}/DatadogSDKReactNative/DatadogSDKReactNative.framework/Headers\"",
					"\"${PODS_CONFIGURATION_BUILD_DIR}/DatadogSDKReactNativeSessionReplay/DatadogSDKReactNativeSessionReplay.framework/Headers\"",
					"\"${PODS_CONFIGURATION_BUILD_DIR}/DatadogSessionReplay/DatadogSessionReplay.framework/Headers\"",
					"\"${PODS_CONFIGURATION_BUILD_DIR}/DatadogTrace/DatadogTrace.framework/Headers\"",
					"\"${PODS_CONFIGURATION_BUILD_DIR}/DatadogWebViewTracking/DatadogWebViewTracking.framework/Headers\"",
					"\"${PODS_CONFIGURATION_BUILD_DIR}/DoubleConversion/DoubleConversion.framework/Headers\"",
					"\"${PODS_CONFIGURATION_BUILD_DIR}/EXConstants/EXConstants.framework/Headers\"",
					"\"${PODS_CONFIGURATION_BUILD_DIR}/EXImageLoader/EXImageLoader.framework/Headers\"",
					"\"${PODS_CONFIGURATION_BUILD_DIR}/Expo/Expo.framework/Headers\"",
					"\"${PODS_CONFIGURATION_BUILD_DIR}/ExpoAsset/ExpoAsset.framework/Headers\"",
					"\"${PODS_CONFIGURATION_BUILD_DIR}/ExpoCamera/ExpoCamera.framework/Headers\"",
					"\"${PODS_CONFIGURATION_BUILD_DIR}/ExpoFileSystem/ExpoFileSystem.framework/Headers\"",
					"\"${PODS_CONFIGURATION_BUILD_DIR}/ExpoFont/ExpoFont.framework/Headers\"",
					"\"${PODS_CONFIGURATION_BUILD_DIR}/ExpoImageManipulator/ExpoImageManipulator.framework/Headers\"",
					"\"${PODS_CONFIGURATION_BUILD_DIR}/ExpoKeepAwake/ExpoKeepAwake.framework/Headers\"",
					"\"${PODS_CONFIGURATION_BUILD_DIR}/ExpoModulesCore/ExpoModulesCore.framework/Headers\"",
					"\"${PODS_CONFIGURATION_BUILD_DIR}/ExpoTextExtractor/ExpoTextExtractor.framework/Headers\"",
					"\"${PODS_CONFIGURATION_BUILD_DIR}/FirebaseCore/FirebaseCore.framework/Headers\"",
					"\"${PODS_CONFIGURATION_BUILD_DIR}/FirebaseCoreExtension/FirebaseCoreExtension.framework/Headers\"",
					"\"${PODS_CONFIGURATION_BUILD_DIR}/FirebaseCoreInternal/FirebaseCoreInternal.framework/Headers\"",
					"\"${PODS_CONFIGURATION_BUILD_DIR}/FirebaseInstallations/FirebaseInstallations.framework/Headers\"",
					"\"${PODS_CONFIGURATION_BUILD_DIR}/FirebaseMessaging/FirebaseMessaging.framework/Headers\"",
					"\"${PODS_CONFIGURATION_BUILD_DIR}/GoogleDataTransport/GoogleDataTransport.framework/Headers\"",
					"\"${PODS_CONFIGURATION_BUILD_DIR}/GoogleUtilities/GoogleUtilities.framework/Headers\"",
					"\"${PODS_CONFIGURATION_BUILD_DIR}/PromisesObjC/FBLPromises.framework/Headers\"",
					"\"${PODS_CONFIGURATION_BUILD_DIR}/RCT-Folly/folly.framework/Headers\"",
					"\"${PODS_CONFIGURATION_BUILD_DIR}/RCTDeprecation/RCTDeprecation.framework/Headers\"",
					"\"${PODS_CONFIGURATION_BUILD_DIR}/RCTTypeSafety/RCTTypeSafety.framework/Headers\"",
					"\"${PODS_CONFIGURATION_BUILD_DIR}/RNCAsyncStorage/RNCAsyncStorage.framework/Headers\"",
					"\"${PODS_CONFIGURATION_BUILD_DIR}/RNCClipboard/RNCClipboard.framework/Headers\"",
					"\"${PODS_CONFIGURATION_BUILD_DIR}/RNCMaskedView/RNCMaskedView.framework/Headers\"",
					"\"${PODS_CONFIGURATION_BUILD_DIR}/RNDateTimePicker/RNDateTimePicker.framework/Headers\"",
					"\"${PODS_CONFIGURATION_BUILD_DIR}/RNDeviceInfo/RNDeviceInfo.framework/Headers\"",
					"\"${PODS_CONFIGURATION_BUILD_DIR}/RNFBApp/RNFBApp.framework/Headers\"",
					"\"${PODS_CONFIGURATION_BUILD_DIR}/RNFBMessaging/RNFBMessaging.framework/Headers\"",
					"\"${PODS_CONFIGURATION_BUILD_DIR}/RNFS/RNFS.framework/Headers\"",
					"\"${PODS_CONFIGURATION_BUILD_DIR}/RNFastImage/RNFastImage.framework/Headers\"",
					"\"${PODS_CONFIGURATION_BUILD_DIR}/RNFileViewer/RNFileViewer.framework/Headers\"",
					"\"${PODS_CONFIGURATION_BUILD_DIR}/RNGestureHandler/RNGestureHandler.framework/Headers\"",
					"\"${PODS_CONFIGURATION_BUILD_DIR}/RNKeychain/RNKeychain.framework/Headers\"",
					"\"${PODS_CONFIGURATION_BUILD_DIR}/RNLocalize/RNLocalize.framework/Headers\"",
					"\"${PODS_CONFIGURATION_BUILD_DIR}/RNNotifee/RNNotifee.framework/Headers\"",
					"\"${PODS_CONFIGURATION_BUILD_DIR}/RNPermissions/RNPermissions.framework/Headers\"",
					"\"${PODS_CONFIGURATION_BUILD_DIR}/RNReactNativeHapticFeedback/RNReactNativeHapticFeedback.framework/Headers\"",
					"\"${PODS_CONFIGURATION_BUILD_DIR}/RNReanimated/RNReanimated.framework/Headers\"",
					"\"${PODS_CONFIGURATION_BUILD_DIR}/RNSVG/RNSVG.framework/Headers\"",
					"\"${PODS_CONFIGURATION_BUILD_DIR}/RNScreens/RNScreens.framework/Headers\"",
					"\"${PODS_CONFIGURATION_BUILD_DIR}/RNSentry/RNSentry.framework/Headers\"",
					"\"${PODS_CONFIGURATION_BUILD_DIR}/RNShare/RNShare.framework/Headers\"",
					"\"${PODS_CONFIGURATION_BUILD_DIR}/RNVectorIcons/RNVectorIcons.framework/Headers\"",
					"\"${PODS_CONFIGURATION_BUILD_DIR}/RNWorklets/RNWorklets.framework/Headers\"",
					"\"${PODS_CONFIGURATION_BUILD_DIR}/React-Core.common-CoreModulesHeaders/React.framework/Headers\"",
					"\"${PODS_CONFIGURATION_BUILD_DIR}/React-CoreModules/CoreModules.framework/Headers\"",
					"\"${PODS_CONFIGURATION_BUILD_DIR}/React-Fabric/React_Fabric.framework/Headers\"",
					"\"${PODS_CONFIGURATION_BUILD_DIR}/React-FabricComponents/React_FabricComponents.framework/Headers\"",
					"\"${PODS_CONFIGURATION_BUILD_DIR}/React-FabricImage/React_FabricImage.framework/Headers\"",
					"\"${PODS_CONFIGURATION_BUILD_DIR}/React-ImageManager/React_ImageManager.framework/Headers\"",
					"\"${PODS_CONFIGURATION_BUILD_DIR}/React-Mapbuffer/React_Mapbuffer.framework/Headers\"",
					"\"${PODS_CONFIGURATION_BUILD_DIR}/React-NativeModulesApple/React_NativeModulesApple.framework/Headers\"",
					"\"${PODS_CONFIGURATION_BUILD_DIR}/React-RCTAnimation/RCTAnimation.framework/Headers\"",
					"\"${PODS_CONFIGURATION_BUILD_DIR}/React-RCTAppDelegate/React_RCTAppDelegate.framework/Headers\"",
					"\"${PODS_CONFIGURATION_BUILD_DIR}/React-RCTBlob/RCTBlob.framework/Headers\"",
					"\"${PODS_CONFIGURATION_BUILD_DIR}/React-RCTFBReactNativeSpec/FBReactNativeSpec.framework/Headers\"",
					"\"${PODS_CONFIGURATION_BUILD_DIR}/React-RCTFabric/RCTFabric.framework/Headers\"",
					"\"${PODS_CONFIGURATION_BUILD_DIR}/React-RCTImage/RCTImage.framework/Headers\"",
					"\"${PODS_CONFIGURATION_BUILD_DIR}/React-RCTLinking/RCTLinking.framework/Headers\"",
					"\"${PODS_CONFIGURATION_BUILD_DIR}/React-RCTNetwork/RCTNetwork.framework/Headers\"",
					"\"${PODS_CONFIGURATION_BUILD_DIR}/React-RCTRuntime/RCTRuntime.framework/Headers\"",
					"\"${PODS_CONFIGURATION_BUILD_DIR}/React-RCTSettings/RCTSettings.framework/Headers\"",
					"\"${PODS_CONFIGURATION_BUILD_DIR}/React-RCTText/RCTText.framework/Headers\"",
					"\"${PODS_CONFIGURATION_BUILD_DIR}/React-RCTVibration/RCTVibration.framework/Headers\"",
					"\"${PODS_CONFIGURATION_BUILD_DIR}/React-RuntimeApple/React_RuntimeApple.framework/Headers\"",
					"\"${PODS_CONFIGURATION_BUILD_DIR}/React-RuntimeCore/React_RuntimeCore.framework/Headers\"",
					"\"${PODS_CONFIGURATION_BUILD_DIR}/React-RuntimeHermes/React_RuntimeHermes.framework/Headers\"",
					"\"${PODS_CONFIGURATION_BUILD_DIR}/React-cxxreact/cxxreact.framework/Headers\"",
					"\"${PODS_CONFIGURATION_BUILD_DIR}/React-debug/React_debug.framework/Headers\"",
					"\"${PODS_CONFIGURATION_BUILD_DIR}/React-defaultsnativemodule/React_defaultsnativemodule.framework/Headers\"",
					"\"${PODS_CONFIGURATION_BUILD_DIR}/React-domnativemodule/React_domnativemodule.framework/Headers\"",
					"\"${PODS_CONFIGURATION_BUILD_DIR}/React-featureflags/React_featureflags.framework/Headers\"",
					"\"${PODS_CONFIGURATION_BUILD_DIR}/React-featureflagsnativemodule/React_featureflagsnativemodule.framework/Headers\"",
					"\"${PODS_CONFIGURATION_BUILD_DIR}/React-graphics/React_graphics.framework/Headers\"",
					"\"${PODS_CONFIGURATION_BUILD_DIR}/React-hermes/reacthermes.framework/Headers\"",
					"\"${PODS_CONFIGURATION_BUILD_DIR}/React-idlecallbacksnativemodule/idlecallbacksnativemodule.framework/Headers\"",
					"\"${PODS_CONFIGURATION_BUILD_DIR}/React-jserrorhandler/React_jserrorhandler.framework/Headers\"",
					"\"${PODS_CONFIGURATION_BUILD_DIR}/React-jsi/jsi.framework/Headers\"",
					"\"${PODS_CONFIGURATION_BUILD_DIR}/React-jsiexecutor/jsireact.framework/Headers\"",
					"\"${PODS_CONFIGURATION_BUILD_DIR}/React-jsinspector/jsinspector_modern.framework/Headers\"",
					"\"${PODS_CONFIGURATION_BUILD_DIR}/React-jsinspectorcdp/jsinspector_moderncdp.framework/Headers\"",
					"\"${PODS_CONFIGURATION_BUILD_DIR}/React-jsinspectornetwork/jsinspector_modernnetwork.framework/Headers\"",
					"\"${PODS_CONFIGURATION_BUILD_DIR}/React-jsinspectortracing/jsinspector_moderntracing.framework/Headers\"",
					"\"${PODS_CONFIGURATION_BUILD_DIR}/React-jsitooling/JSITooling.framework/Headers\"",
					"\"${PODS_CONFIGURATION_BUILD_DIR}/React-logger/logger.framework/Headers\"",
					"\"${PODS_CONFIGURATION_BUILD_DIR}/React-microtasksnativemodule/React_microtasksnativemodule.framework/Headers\"",
					"\"${PODS_CONFIGURATION_BUILD_DIR}/React-oscompat/oscompat.framework/Headers\"",
					"\"${PODS_CONFIGURATION_BUILD_DIR}/React-perflogger/reactperflogger.framework/Headers\"",
					"\"${PODS_CONFIGURATION_BUILD_DIR}/React-performancetimeline/React_performancetimeline.framework/Headers\"",
					"\"${PODS_CONFIGURATION_BUILD_DIR}/React-rendererconsistency/React_rendererconsistency.framework/Headers\"",
					"\"${PODS_CONFIGURATION_BUILD_DIR}/React-renderercss/React_renderercss.framework/Headers\"",
					"\"${PODS_CONFIGURATION_BUILD_DIR}/React-rendererdebug/React_rendererdebug.framework/Headers\"",
					"\"${PODS_CONFIGURATION_BUILD_DIR}/React-runtimescheduler/React_runtimescheduler.framework/Headers\"",
					"\"${PODS_CONFIGURATION_BUILD_DIR}/React-utils/React_utils.framework/Headers\"",
					"\"${PODS_CONFIGURATION_BUILD_DIR}/ReactAppDependencyProvider/ReactAppDependencyProvider.framework/Headers\"",
					"\"${PODS_CONFIGURATION_BUILD_DIR}/ReactCodegen/ReactCodegen.framework/Headers\"",
					"\"${PODS_CONFIGURATION_BUILD_DIR}/ReactCommon/ReactCommon.framework/Headers\"",
					"\"${PODS_CONFIGURATION_BUILD_DIR}/SDWebImage/SDWebImage.framework/Headers\"",
					"\"${PODS_CONFIGURATION_BUILD_DIR}/SDWebImageWebPCoder/SDWebImageWebPCoder.framework/Headers\"",
					"\"${PODS_CONFIGURATION_BUILD_DIR}/Sentry/Sentry.framework/Headers\"",
					"\"${PODS_CONFIGURATION_BUILD_DIR}/SocketRocket/SocketRocket.framework/Headers\"",
					"\"${PODS_CONFIGURATION_BUILD_DIR}/TouchID/TouchID.framework/Headers\"",
					"\"${PODS_CONFIGURATION_BUILD_DIR}/VisionCamera/VisionCamera.framework/Headers\"",
					"\"${PODS_CONFIGURATION_BUILD_DIR}/Yoga/yoga.framework/Headers\"",
					"\"${PODS_CONFIGURATION_BUILD_DIR}/ZXingObjC/ZXingObjC.framework/Headers\"",
					"\"${PODS_CONFIGURATION_BUILD_DIR}/fmt/fmt.framework/Headers\"",
					"\"${PODS_CONFIGURATION_BUILD_DIR}/glog/glog.framework/Headers\"",
					"\"${PODS_CONFIGURATION_BUILD_DIR}/libwebp/libwebp.framework/Headers\"",
					"\"${PODS_CONFIGURATION_BUILD_DIR}/lottie-ios/Lottie.framework/Headers\"",
					"\"${PODS_CONFIGURATION_BUILD_DIR}/lottie-react-native/lottie_react_native.framework/Headers\"",
					"\"${PODS_CONFIGURATION_BUILD_DIR}/nanopb/nanopb.framework/Headers\"",
					"\"${PODS_CONFIGURATION_BUILD_DIR}/react-native-biometrics/react_native_biometrics.framework/Headers\"",
					"\"${PODS_CONFIGURATION_BUILD_DIR}/react-native-cameraroll/react_native_cameraroll.framework/Headers\"",
					"\"${PODS_CONFIGURATION_BUILD_DIR}/react-native-geolocation/react_native_geolocation.framework/Headers\"",
					"\"${PODS_CONFIGURATION_BUILD_DIR}/react-native-image-picker/react_native_image_picker.framework/Headers\"",
					"\"${PODS_CONFIGURATION_BUILD_DIR}/react-native-in-app-review/react_native_in_app_review.framework/Headers\"",
					"\"${PODS_CONFIGURATION_BUILD_DIR}/react-native-maps/ReactNativeMaps.framework/Headers\"",
					"\"${PODS_CONFIGURATION_BUILD_DIR}/react-native-month-year-picker/react_native_month_year_picker.framework/Headers\"",
					"\"${PODS_CONFIGURATION_BUILD_DIR}/react-native-netinfo/react_native_netinfo.framework/Headers\"",
					"\"${PODS_CONFIGURATION_BUILD_DIR}/react-native-restart/react_native_restart.framework/Headers\"",
					"\"${PODS_CONFIGURATION_BUILD_DIR}/react-native-rsa-native/react_native_rsa_native.framework/Headers\"",
					"\"${PODS_CONFIGURATION_BUILD_DIR}/react-native-safe-area-context/react_native_safe_area_context.framework/Headers\"",
					"\"${PODS_CONFIGURATION_BUILD_DIR}/react-native-slider/react_native_slider.framework/Headers\"",
					"\"${PODS_CONFIGURATION_BUILD_DIR}/react-native-splash-screen/react_native_splash_screen.framework/Headers\"",
					"\"${PODS_CONFIGURATION_BUILD_DIR}/react-native-video/react_native_video.framework/Headers\"",
					"\"${PODS_CONFIGURATION_BUILD_DIR}/react-native-view-shot/react_native_view_shot.framework/Headers\"",
					"\"${PODS_CONFIGURATION_BUILD_DIR}/react-native-webview/react_native_webview.framework/Headers\"",
					"\"${PODS_CONFIGURATION_BUILD_DIR}/rn-fetch-blob/rn_fetch_blob.framework/Headers\"",
					"\"${PODS_CONFIGURATION_BUILD_DIR}/rn-scratch-card/rn_scratch_card.framework/Headers\"",
					"\"${PODS_CONFIGURATION_BUILD_DIR}/uqudosdk-react-native/UqudoSDK.framework/Headers\"",
					"\"${PODS_ROOT}/Headers/Public\"",
					"\"${PODS_ROOT}/Headers/Public/FBLazyVector\"",
					"\"${PODS_ROOT}/Headers/Public/Firebase\"",
					"\"${PODS_ROOT}/Headers/Public/RCTRequired\"",
					"\"${PODS_ROOT}/Headers/Public/React-callinvoker\"",
					"\"${PODS_ROOT}/Headers/Public/React-runtimeexecutor\"",
					"\"${PODS_ROOT}/Headers/Public/React-timing\"",
					"\"${PODS_ROOT}/Headers/Public/boost\"",
					"\"${PODS_ROOT}/Headers/Public/fast_float\"",
					"\"${PODS_ROOT}/Headers/Public/hermes-engine\"",
					"\"$(PODS_ROOT)/DoubleConversion\"",
					"\"$(PODS_ROOT)/boost\"",
					"\"$(PODS_ROOT)/Headers/Private/React-Core\"",
					"\"${PODS_CONFIGURATION_BUILD_DIR}/Expo/Swift Compatibility Header\"",
					"\"$(PODS_ROOT)/Headers/Private/Yoga\"",
					"\"${PODS_CONFIGURATION_BUILD_DIR}/ExpoModulesCore/Swift Compatibility Header\"",
					"\"$(PODS_ROOT)/Headers/Private/Yoga\"",
					"$(inherited)",
					"${PODS_ROOT}/Firebase/CoreOnly/Sources",
					"\"$(PODS_ROOT)/boost\"",
					"\"$(PODS_ROOT)/boost-for-react-native\"",
					"\"$(PODS_ROOT)/glog\"",
					"\"$(PODS_ROOT)/RCT-Folly\"",
					"\"$(PODS_ROOT)/Headers/Public/React-hermes\"",
					"\"$(PODS_ROOT)/Headers/Public/hermes-engine\"",
					"\"$(PODS_ROOT)/Headers/Public/RNWorklets\"",
					"\"$(PODS_ROOT)/../../node_modules/react-native/ReactCommon\"",
					"\"$(PODS_ROOT)/../../node_modules/react-native-reanimated/apple\"",
					"\"$(PODS_ROOT)/../../node_modules/react-native-reanimated/Common/cpp\"",
					"\"$(PODS_ROOT)/../../node_modules/react-native-reanimated/Common/NativeView\"",
					"\"$(PODS_ROOT)/../../node_modules/react-native-worklets/apple\"",
					"\"$(PODS_ROOT)/../../node_modules/react-native-worklets/Common/cpp\"",
					"\"$(PODS_ROOT)/boost\"",
					"\"$(PODS_ROOT)/boost-for-react-native\"",
					"\"$(PODS_ROOT)/glog\"",
					"\"$(PODS_ROOT)/RCT-Folly\"",
					"\"$(PODS_ROOT)/Headers/Public/React-hermes\"",
					"\"$(PODS_ROOT)/Headers/Public/hermes-engine\"",
					"\"$(PODS_ROOT)/../../node_modules/react-native/ReactCommon\"",
					"\"$(PODS_ROOT)/../../node_modules/react-native-worklets/apple\"",
					"\"$(PODS_ROOT)/../../node_modules/react-native-worklets/Common/cpp\"",
					"\"$(PODS_ROOT)/Headers/Private/React-Core\"",
					"\"$(PODS_ROOT)/Headers/Private/Yoga\"",
					"$(SRCROOT)/Pods/UqudoSDK/UqudoSDK.xcframework/ios-arm64/UqudoSDK.framework/Headers/**",
					"$(SRCROOT)/Pods/UqudoSDK/UqudoSDK.xcframework/ios-arm64_x86_64-simulator/UqudoSDK.framework/Headers/**",
				);
				INFOPLIST_FILE = Kamelpay/Info.plist;
				IPHONEOS_DEPLOYMENT_TARGET = 15.1;
				LD_RUNPATH_SEARCH_PATHS = (
					"$(inherited)",
					"@executable_path/Frameworks",
				);
				MARKETING_VERSION = 1.0;
				OTHER_LDFLAGS = (
					"$(inherited)",
					"-ObjC",
					"-lc++",
				);
				OTHER_SWIFT_FLAGS = "$(inherited) -D EXPO_CONFIGURATION_DEBUG";
				PRODUCT_BUNDLE_IDENTIFIER = com.kamelpay;
				PRODUCT_NAME = Kamelpay;
				SWIFT_OPTIMIZATION_LEVEL = "-Onone";
				SWIFT_VERSION = 5.0;
				VERSIONING_SYSTEM = "apple-generic";
			};
			name = Debug;
		};
		13B07F951A680F5B00A75B9A /* Release */ = {
			isa = XCBuildConfiguration;
			baseConfigurationReference = 6921B8B8F8A47FAD5B6A703E /* Pods-Kamelpay.release.xcconfig */;
			buildSettings = {
				ASSETCATALOG_COMPILER_APPICON_NAME = AppIcon;
				CLANG_ENABLE_MODULES = YES;
				CODE_SIGN_ENTITLEMENTS = Kamelpay/Kamelpay.entitlements;
				CURRENT_PROJECT_VERSION = 1;
				DEVELOPMENT_TEAM = 94T5VS5SSY;
				HEADER_SEARCH_PATHS = (
					"$(inherited)",
					"\"${PODS_CONFIGURATION_BUILD_DIR}/BVLinearGradient/BVLinearGradient.framework/Headers\"",
					"\"${PODS_CONFIGURATION_BUILD_DIR}/DatadogCore/DatadogCore.framework/Headers\"",
					"\"${PODS_CONFIGURATION_BUILD_DIR}/DatadogCrashReporting/DatadogCrashReporting.framework/Headers\"",
					"\"${PODS_CONFIGURATION_BUILD_DIR}/DatadogInternal/DatadogInternal.framework/Headers\"",
					"\"${PODS_CONFIGURATION_BUILD_DIR}/DatadogLogs/DatadogLogs.framework/Headers\"",
					"\"${PODS_CONFIGURATION_BUILD_DIR}/DatadogRUM/DatadogRUM.framework/Headers\"",
					"\"${PODS_CONFIGURATION_BUILD_DIR}/DatadogSDKReactNative/DatadogSDKReactNative.framework/Headers\"",
					"\"${PODS_CONFIGURATION_BUILD_DIR}/DatadogSDKReactNativeSessionReplay/DatadogSDKReactNativeSessionReplay.framework/Headers\"",
					"\"${PODS_CONFIGURATION_BUILD_DIR}/DatadogSessionReplay/DatadogSessionReplay.framework/Headers\"",
					"\"${PODS_CONFIGURATION_BUILD_DIR}/DatadogTrace/DatadogTrace.framework/Headers\"",
					"\"${PODS_CONFIGURATION_BUILD_DIR}/DatadogWebViewTracking/DatadogWebViewTracking.framework/Headers\"",
					"\"${PODS_CONFIGURATION_BUILD_DIR}/DoubleConversion/DoubleConversion.framework/Headers\"",
					"\"${PODS_CONFIGURATION_BUILD_DIR}/EXConstants/EXConstants.framework/Headers\"",
					"\"${PODS_CONFIGURATION_BUILD_DIR}/EXImageLoader/EXImageLoader.framework/Headers\"",
					"\"${PODS_CONFIGURATION_BUILD_DIR}/Expo/Expo.framework/Headers\"",
					"\"${PODS_CONFIGURATION_BUILD_DIR}/ExpoAsset/ExpoAsset.framework/Headers\"",
					"\"${PODS_CONFIGURATION_BUILD_DIR}/ExpoCamera/ExpoCamera.framework/Headers\"",
					"\"${PODS_CONFIGURATION_BUILD_DIR}/ExpoFileSystem/ExpoFileSystem.framework/Headers\"",
					"\"${PODS_CONFIGURATION_BUILD_DIR}/ExpoFont/ExpoFont.framework/Headers\"",
					"\"${PODS_CONFIGURATION_BUILD_DIR}/ExpoImageManipulator/ExpoImageManipulator.framework/Headers\"",
					"\"${PODS_CONFIGURATION_BUILD_DIR}/ExpoKeepAwake/ExpoKeepAwake.framework/Headers\"",
					"\"${PODS_CONFIGURATION_BUILD_DIR}/ExpoModulesCore/ExpoModulesCore.framework/Headers\"",
					"\"${PODS_CONFIGURATION_BUILD_DIR}/ExpoTextExtractor/ExpoTextExtractor.framework/Headers\"",
					"\"${PODS_CONFIGURATION_BUILD_DIR}/FirebaseCore/FirebaseCore.framework/Headers\"",
					"\"${PODS_CONFIGURATION_BUILD_DIR}/FirebaseCoreExtension/FirebaseCoreExtension.framework/Headers\"",
					"\"${PODS_CONFIGURATION_BUILD_DIR}/FirebaseCoreInternal/FirebaseCoreInternal.framework/Headers\"",
					"\"${PODS_CONFIGURATION_BUILD_DIR}/FirebaseInstallations/FirebaseInstallations.framework/Headers\"",
					"\"${PODS_CONFIGURATION_BUILD_DIR}/FirebaseMessaging/FirebaseMessaging.framework/Headers\"",
					"\"${PODS_CONFIGURATION_BUILD_DIR}/GoogleDataTransport/GoogleDataTransport.framework/Headers\"",
					"\"${PODS_CONFIGURATION_BUILD_DIR}/GoogleUtilities/GoogleUtilities.framework/Headers\"",
					"\"${PODS_CONFIGURATION_BUILD_DIR}/PromisesObjC/FBLPromises.framework/Headers\"",
					"\"${PODS_CONFIGURATION_BUILD_DIR}/RCT-Folly/folly.framework/Headers\"",
					"\"${PODS_CONFIGURATION_BUILD_DIR}/RCTDeprecation/RCTDeprecation.framework/Headers\"",
					"\"${PODS_CONFIGURATION_BUILD_DIR}/RCTTypeSafety/RCTTypeSafety.framework/Headers\"",
					"\"${PODS_CONFIGURATION_BUILD_DIR}/RNCAsyncStorage/RNCAsyncStorage.framework/Headers\"",
					"\"${PODS_CONFIGURATION_BUILD_DIR}/RNCClipboard/RNCClipboard.framework/Headers\"",
					"\"${PODS_CONFIGURATION_BUILD_DIR}/RNCMaskedView/RNCMaskedView.framework/Headers\"",
					"\"${PODS_CONFIGURATION_BUILD_DIR}/RNDateTimePicker/RNDateTimePicker.framework/Headers\"",
					"\"${PODS_CONFIGURATION_BUILD_DIR}/RNDeviceInfo/RNDeviceInfo.framework/Headers\"",
					"\"${PODS_CONFIGURATION_BUILD_DIR}/RNFBApp/RNFBApp.framework/Headers\"",
					"\"${PODS_CONFIGURATION_BUILD_DIR}/RNFBMessaging/RNFBMessaging.framework/Headers\"",
					"\"${PODS_CONFIGURATION_BUILD_DIR}/RNFS/RNFS.framework/Headers\"",
					"\"${PODS_CONFIGURATION_BUILD_DIR}/RNFastImage/RNFastImage.framework/Headers\"",
					"\"${PODS_CONFIGURATION_BUILD_DIR}/RNFileViewer/RNFileViewer.framework/Headers\"",
					"\"${PODS_CONFIGURATION_BUILD_DIR}/RNGestureHandler/RNGestureHandler.framework/Headers\"",
					"\"${PODS_CONFIGURATION_BUILD_DIR}/RNKeychain/RNKeychain.framework/Headers\"",
					"\"${PODS_CONFIGURATION_BUILD_DIR}/RNLocalize/RNLocalize.framework/Headers\"",
					"\"${PODS_CONFIGURATION_BUILD_DIR}/RNNotifee/RNNotifee.framework/Headers\"",
					"\"${PODS_CONFIGURATION_BUILD_DIR}/RNPermissions/RNPermissions.framework/Headers\"",
					"\"${PODS_CONFIGURATION_BUILD_DIR}/RNReactNativeHapticFeedback/RNReactNativeHapticFeedback.framework/Headers\"",
					"\"${PODS_CONFIGURATION_BUILD_DIR}/RNReanimated/RNReanimated.framework/Headers\"",
					"\"${PODS_CONFIGURATION_BUILD_DIR}/RNSVG/RNSVG.framework/Headers\"",
					"\"${PODS_CONFIGURATION_BUILD_DIR}/RNScreens/RNScreens.framework/Headers\"",
					"\"${PODS_CONFIGURATION_BUILD_DIR}/RNSentry/RNSentry.framework/Headers\"",
					"\"${PODS_CONFIGURATION_BUILD_DIR}/RNShare/RNShare.framework/Headers\"",
					"\"${PODS_CONFIGURATION_BUILD_DIR}/RNVectorIcons/RNVectorIcons.framework/Headers\"",
					"\"${PODS_CONFIGURATION_BUILD_DIR}/RNWorklets/RNWorklets.framework/Headers\"",
					"\"${PODS_CONFIGURATION_BUILD_DIR}/React-Core.common-CoreModulesHeaders/React.framework/Headers\"",
					"\"${PODS_CONFIGURATION_BUILD_DIR}/React-CoreModules/CoreModules.framework/Headers\"",
					"\"${PODS_CONFIGURATION_BUILD_DIR}/React-Fabric/React_Fabric.framework/Headers\"",
					"\"${PODS_CONFIGURATION_BUILD_DIR}/React-FabricComponents/React_FabricComponents.framework/Headers\"",
					"\"${PODS_CONFIGURATION_BUILD_DIR}/React-FabricImage/React_FabricImage.framework/Headers\"",
					"\"${PODS_CONFIGURATION_BUILD_DIR}/React-ImageManager/React_ImageManager.framework/Headers\"",
					"\"${PODS_CONFIGURATION_BUILD_DIR}/React-Mapbuffer/React_Mapbuffer.framework/Headers\"",
					"\"${PODS_CONFIGURATION_BUILD_DIR}/React-NativeModulesApple/React_NativeModulesApple.framework/Headers\"",
					"\"${PODS_CONFIGURATION_BUILD_DIR}/React-RCTAnimation/RCTAnimation.framework/Headers\"",
					"\"${PODS_CONFIGURATION_BUILD_DIR}/React-RCTAppDelegate/React_RCTAppDelegate.framework/Headers\"",
					"\"${PODS_CONFIGURATION_BUILD_DIR}/React-RCTBlob/RCTBlob.framework/Headers\"",
					"\"${PODS_CONFIGURATION_BUILD_DIR}/React-RCTFBReactNativeSpec/FBReactNativeSpec.framework/Headers\"",
					"\"${PODS_CONFIGURATION_BUILD_DIR}/React-RCTFabric/RCTFabric.framework/Headers\"",
					"\"${PODS_CONFIGURATION_BUILD_DIR}/React-RCTImage/RCTImage.framework/Headers\"",
					"\"${PODS_CONFIGURATION_BUILD_DIR}/React-RCTLinking/RCTLinking.framework/Headers\"",
					"\"${PODS_CONFIGURATION_BUILD_DIR}/React-RCTNetwork/RCTNetwork.framework/Headers\"",
					"\"${PODS_CONFIGURATION_BUILD_DIR}/React-RCTRuntime/RCTRuntime.framework/Headers\"",
					"\"${PODS_CONFIGURATION_BUILD_DIR}/React-RCTSettings/RCTSettings.framework/Headers\"",
					"\"${PODS_CONFIGURATION_BUILD_DIR}/React-RCTText/RCTText.framework/Headers\"",
					"\"${PODS_CONFIGURATION_BUILD_DIR}/React-RCTVibration/RCTVibration.framework/Headers\"",
					"\"${PODS_CONFIGURATION_BUILD_DIR}/React-RuntimeApple/React_RuntimeApple.framework/Headers\"",
					"\"${PODS_CONFIGURATION_BUILD_DIR}/React-RuntimeCore/React_RuntimeCore.framework/Headers\"",
					"\"${PODS_CONFIGURATION_BUILD_DIR}/React-RuntimeHermes/React_RuntimeHermes.framework/Headers\"",
					"\"${PODS_CONFIGURATION_BUILD_DIR}/React-cxxreact/cxxreact.framework/Headers\"",
					"\"${PODS_CONFIGURATION_BUILD_DIR}/React-debug/React_debug.framework/Headers\"",
					"\"${PODS_CONFIGURATION_BUILD_DIR}/React-defaultsnativemodule/React_defaultsnativemodule.framework/Headers\"",
					"\"${PODS_CONFIGURATION_BUILD_DIR}/React-domnativemodule/React_domnativemodule.framework/Headers\"",
					"\"${PODS_CONFIGURATION_BUILD_DIR}/React-featureflags/React_featureflags.framework/Headers\"",
					"\"${PODS_CONFIGURATION_BUILD_DIR}/React-featureflagsnativemodule/React_featureflagsnativemodule.framework/Headers\"",
					"\"${PODS_CONFIGURATION_BUILD_DIR}/React-graphics/React_graphics.framework/Headers\"",
					"\"${PODS_CONFIGURATION_BUILD_DIR}/React-hermes/reacthermes.framework/Headers\"",
					"\"${PODS_CONFIGURATION_BUILD_DIR}/React-idlecallbacksnativemodule/idlecallbacksnativemodule.framework/Headers\"",
					"\"${PODS_CONFIGURATION_BUILD_DIR}/React-jserrorhandler/React_jserrorhandler.framework/Headers\"",
					"\"${PODS_CONFIGURATION_BUILD_DIR}/React-jsi/jsi.framework/Headers\"",
					"\"${PODS_CONFIGURATION_BUILD_DIR}/React-jsiexecutor/jsireact.framework/Headers\"",
					"\"${PODS_CONFIGURATION_BUILD_DIR}/React-jsinspector/jsinspector_modern.framework/Headers\"",
					"\"${PODS_CONFIGURATION_BUILD_DIR}/React-jsinspectorcdp/jsinspector_moderncdp.framework/Headers\"",
					"\"${PODS_CONFIGURATION_BUILD_DIR}/React-jsinspectornetwork/jsinspector_modernnetwork.framework/Headers\"",
					"\"${PODS_CONFIGURATION_BUILD_DIR}/React-jsinspectortracing/jsinspector_moderntracing.framework/Headers\"",
					"\"${PODS_CONFIGURATION_BUILD_DIR}/React-jsitooling/JSITooling.framework/Headers\"",
					"\"${PODS_CONFIGURATION_BUILD_DIR}/React-logger/logger.framework/Headers\"",
					"\"${PODS_CONFIGURATION_BUILD_DIR}/React-microtasksnativemodule/React_microtasksnativemodule.framework/Headers\"",
					"\"${PODS_CONFIGURATION_BUILD_DIR}/React-oscompat/oscompat.framework/Headers\"",
					"\"${PODS_CONFIGURATION_BUILD_DIR}/React-perflogger/reactperflogger.framework/Headers\"",
					"\"${PODS_CONFIGURATION_BUILD_DIR}/React-performancetimeline/React_performancetimeline.framework/Headers\"",
					"\"${PODS_CONFIGURATION_BUILD_DIR}/React-rendererconsistency/React_rendererconsistency.framework/Headers\"",
					"\"${PODS_CONFIGURATION_BUILD_DIR}/React-renderercss/React_renderercss.framework/Headers\"",
					"\"${PODS_CONFIGURATION_BUILD_DIR}/React-rendererdebug/React_rendererdebug.framework/Headers\"",
					"\"${PODS_CONFIGURATION_BUILD_DIR}/React-runtimescheduler/React_runtimescheduler.framework/Headers\"",
					"\"${PODS_CONFIGURATION_BUILD_DIR}/React-utils/React_utils.framework/Headers\"",
					"\"${PODS_CONFIGURATION_BUILD_DIR}/ReactAppDependencyProvider/ReactAppDependencyProvider.framework/Headers\"",
					"\"${PODS_CONFIGURATION_BUILD_DIR}/ReactCodegen/ReactCodegen.framework/Headers\"",
					"\"${PODS_CONFIGURATION_BUILD_DIR}/ReactCommon/ReactCommon.framework/Headers\"",
					"\"${PODS_CONFIGURATION_BUILD_DIR}/SDWebImage/SDWebImage.framework/Headers\"",
					"\"${PODS_CONFIGURATION_BUILD_DIR}/SDWebImageWebPCoder/SDWebImageWebPCoder.framework/Headers\"",
					"\"${PODS_CONFIGURATION_BUILD_DIR}/Sentry/Sentry.framework/Headers\"",
					"\"${PODS_CONFIGURATION_BUILD_DIR}/SocketRocket/SocketRocket.framework/Headers\"",
					"\"${PODS_CONFIGURATION_BUILD_DIR}/TouchID/TouchID.framework/Headers\"",
					"\"${PODS_CONFIGURATION_BUILD_DIR}/VisionCamera/VisionCamera.framework/Headers\"",
					"\"${PODS_CONFIGURATION_BUILD_DIR}/Yoga/yoga.framework/Headers\"",
					"\"${PODS_CONFIGURATION_BUILD_DIR}/ZXingObjC/ZXingObjC.framework/Headers\"",
					"\"${PODS_CONFIGURATION_BUILD_DIR}/fmt/fmt.framework/Headers\"",
					"\"${PODS_CONFIGURATION_BUILD_DIR}/glog/glog.framework/Headers\"",
					"\"${PODS_CONFIGURATION_BUILD_DIR}/libwebp/libwebp.framework/Headers\"",
					"\"${PODS_CONFIGURATION_BUILD_DIR}/lottie-ios/Lottie.framework/Headers\"",
					"\"${PODS_CONFIGURATION_BUILD_DIR}/lottie-react-native/lottie_react_native.framework/Headers\"",
					"\"${PODS_CONFIGURATION_BUILD_DIR}/nanopb/nanopb.framework/Headers\"",
					"\"${PODS_CONFIGURATION_BUILD_DIR}/react-native-biometrics/react_native_biometrics.framework/Headers\"",
					"\"${PODS_CONFIGURATION_BUILD_DIR}/react-native-cameraroll/react_native_cameraroll.framework/Headers\"",
					"\"${PODS_CONFIGURATION_BUILD_DIR}/react-native-geolocation/react_native_geolocation.framework/Headers\"",
					"\"${PODS_CONFIGURATION_BUILD_DIR}/react-native-image-picker/react_native_image_picker.framework/Headers\"",
					"\"${PODS_CONFIGURATION_BUILD_DIR}/react-native-in-app-review/react_native_in_app_review.framework/Headers\"",
					"\"${PODS_CONFIGURATION_BUILD_DIR}/react-native-maps/ReactNativeMaps.framework/Headers\"",
					"\"${PODS_CONFIGURATION_BUILD_DIR}/react-native-month-year-picker/react_native_month_year_picker.framework/Headers\"",
					"\"${PODS_CONFIGURATION_BUILD_DIR}/react-native-netinfo/react_native_netinfo.framework/Headers\"",
					"\"${PODS_CONFIGURATION_BUILD_DIR}/react-native-restart/react_native_restart.framework/Headers\"",
					"\"${PODS_CONFIGURATION_BUILD_DIR}/react-native-rsa-native/react_native_rsa_native.framework/Headers\"",
					"\"${PODS_CONFIGURATION_BUILD_DIR}/react-native-safe-area-context/react_native_safe_area_context.framework/Headers\"",
					"\"${PODS_CONFIGURATION_BUILD_DIR}/react-native-slider/react_native_slider.framework/Headers\"",
					"\"${PODS_CONFIGURATION_BUILD_DIR}/react-native-splash-screen/react_native_splash_screen.framework/Headers\"",
					"\"${PODS_CONFIGURATION_BUILD_DIR}/react-native-video/react_native_video.framework/Headers\"",
					"\"${PODS_CONFIGURATION_BUILD_DIR}/react-native-view-shot/react_native_view_shot.framework/Headers\"",
					"\"${PODS_CONFIGURATION_BUILD_DIR}/react-native-webview/react_native_webview.framework/Headers\"",
					"\"${PODS_CONFIGURATION_BUILD_DIR}/rn-fetch-blob/rn_fetch_blob.framework/Headers\"",
					"\"${PODS_CONFIGURATION_BUILD_DIR}/rn-scratch-card/rn_scratch_card.framework/Headers\"",
					"\"${PODS_CONFIGURATION_BUILD_DIR}/uqudosdk-react-native/UqudoSDK.framework/Headers\"",
					"\"${PODS_ROOT}/Headers/Public\"",
					"\"${PODS_ROOT}/Headers/Public/FBLazyVector\"",
					"\"${PODS_ROOT}/Headers/Public/Firebase\"",
					"\"${PODS_ROOT}/Headers/Public/RCTRequired\"",
					"\"${PODS_ROOT}/Headers/Public/React-callinvoker\"",
					"\"${PODS_ROOT}/Headers/Public/React-runtimeexecutor\"",
					"\"${PODS_ROOT}/Headers/Public/React-timing\"",
					"\"${PODS_ROOT}/Headers/Public/boost\"",
					"\"${PODS_ROOT}/Headers/Public/fast_float\"",
					"\"${PODS_ROOT}/Headers/Public/hermes-engine\"",
					"\"$(PODS_ROOT)/DoubleConversion\"",
					"\"$(PODS_ROOT)/boost\"",
					"\"$(PODS_ROOT)/Headers/Private/React-Core\"",
					"\"${PODS_CONFIGURATION_BUILD_DIR}/Expo/Swift Compatibility Header\"",
					"\"$(PODS_ROOT)/Headers/Private/Yoga\"",
					"\"${PODS_CONFIGURATION_BUILD_DIR}/ExpoModulesCore/Swift Compatibility Header\"",
					"\"$(PODS_ROOT)/Headers/Private/Yoga\"",
					"$(inherited)",
					"${PODS_ROOT}/Firebase/CoreOnly/Sources",
					"\"$(PODS_ROOT)/boost\"",
					"\"$(PODS_ROOT)/boost-for-react-native\"",
					"\"$(PODS_ROOT)/glog\"",
					"\"$(PODS_ROOT)/RCT-Folly\"",
					"\"$(PODS_ROOT)/Headers/Public/React-hermes\"",
					"\"$(PODS_ROOT)/Headers/Public/hermes-engine\"",
					"\"$(PODS_ROOT)/Headers/Public/RNWorklets\"",
					"\"$(PODS_ROOT)/../../node_modules/react-native/ReactCommon\"",
					"\"$(PODS_ROOT)/../../node_modules/react-native-reanimated/apple\"",
					"\"$(PODS_ROOT)/../../node_modules/react-native-reanimated/Common/cpp\"",
					"\"$(PODS_ROOT)/../../node_modules/react-native-reanimated/Common/NativeView\"",
					"\"$(PODS_ROOT)/../../node_modules/react-native-worklets/apple\"",
					"\"$(PODS_ROOT)/../../node_modules/react-native-worklets/Common/cpp\"",
					"\"$(PODS_ROOT)/boost\"",
					"\"$(PODS_ROOT)/boost-for-react-native\"",
					"\"$(PODS_ROOT)/glog\"",
					"\"$(PODS_ROOT)/RCT-Folly\"",
					"\"$(PODS_ROOT)/Headers/Public/React-hermes\"",
					"\"$(PODS_ROOT)/Headers/Public/hermes-engine\"",
					"\"$(PODS_ROOT)/../../node_modules/react-native/ReactCommon\"",
					"\"$(PODS_ROOT)/../../node_modules/react-native-worklets/apple\"",
					"\"$(PODS_ROOT)/../../node_modules/react-native-worklets/Common/cpp\"",
					"\"$(PODS_ROOT)/Headers/Private/React-Core\"",
					"\"$(PODS_ROOT)/Headers/Private/Yoga\"",
					"$(SRCROOT)/Pods/UqudoSDK/UqudoSDK.xcframework/ios-arm64/UqudoSDK.framework/Headers/**",
					"$(SRCROOT)/Pods/UqudoSDK/UqudoSDK.xcframework/ios-arm64_x86_64-simulator/UqudoSDK.framework/Headers/**",
				);
				INFOPLIST_FILE = Kamelpay/Info.plist;
				IPHONEOS_DEPLOYMENT_TARGET = 15.1;
				LD_RUNPATH_SEARCH_PATHS = (
					"$(inherited)",
					"@executable_path/Frameworks",
				);
				MARKETING_VERSION = 1.0;
				OTHER_LDFLAGS = (
					"$(inherited)",
					"-ObjC",
					"-lc++",
				);
				OTHER_SWIFT_FLAGS = "$(inherited) -D EXPO_CONFIGURATION_RELEASE";
				PRODUCT_BUNDLE_IDENTIFIER = com.kamelpay;
				PRODUCT_NAME = Kamelpay;
				SWIFT_VERSION = 5.0;
				VERSIONING_SYSTEM = "apple-generic";
			};
			name = Release;
		};
		83CBBA201A601CBA00E9B192 /* Debug */ = {
			isa = XCBuildConfiguration;
			buildSettings = {
				ALWAYS_SEARCH_USER_PATHS = NO;
				CLANG_ANALYZER_LOCALIZABILITY_NONLOCALIZED = YES;
				CLANG_CXX_LANGUAGE_STANDARD = "c++20";
				CLANG_CXX_LIBRARY = "libc++";
				CLANG_ENABLE_MODULES = YES;
				CLANG_ENABLE_OBJC_ARC = YES;
				CLANG_WARN_BLOCK_CAPTURE_AUTORELEASING = YES;
				CLANG_WARN_BOOL_CONVERSION = YES;
				CLANG_WARN_COMMA = YES;
				CLANG_WARN_CONSTANT_CONVERSION = YES;
				CLANG_WARN_DEPRECATED_OBJC_IMPLEMENTATIONS = YES;
				CLANG_WARN_DIRECT_OBJC_ISA_USAGE = YES_ERROR;
				CLANG_WARN_EMPTY_BODY = YES;
				CLANG_WARN_ENUM_CONVERSION = YES;
				CLANG_WARN_INFINITE_RECURSION = YES;
				CLANG_WARN_INT_CONVERSION = YES;
				CLANG_WARN_NON_LITERAL_NULL_CONVERSION = YES;
				CLANG_WARN_OBJC_IMPLICIT_RETAIN_SELF = YES;
				CLANG_WARN_OBJC_LITERAL_CONVERSION = YES;
				CLANG_WARN_OBJC_ROOT_CLASS = YES_ERROR;
				CLANG_WARN_QUOTED_INCLUDE_IN_FRAMEWORK_HEADER = YES;
				CLANG_WARN_RANGE_LOOP_ANALYSIS = YES;
				CLANG_WARN_STRICT_PROTOTYPES = YES;
				CLANG_WARN_SUSPICIOUS_MOVE = YES;
				CLANG_WARN_UNREACHABLE_CODE = YES;
				CLANG_WARN__DUPLICATE_METHOD_MATCH = YES;
				"CODE_SIGN_IDENTITY[sdk=iphoneos*]" = "iPhone Developer";
				COPY_PHASE_STRIP = NO;
				ENABLE_STRICT_OBJC_MSGSEND = YES;
				ENABLE_TESTABILITY = YES;
				"EXCLUDED_ARCHS[sdk=iphonesimulator*]" = "";
				GCC_C_LANGUAGE_STANDARD = gnu99;
				GCC_DYNAMIC_NO_PIC = NO;
				GCC_NO_COMMON_BLOCKS = YES;
				GCC_OPTIMIZATION_LEVEL = 0;
				GCC_PREPROCESSOR_DEFINITIONS = (
					"DEBUG=1",
					"$(inherited)",
				);
				GCC_SYMBOLS_PRIVATE_EXTERN = NO;
				GCC_WARN_64_TO_32_BIT_CONVERSION = YES;
				GCC_WARN_ABOUT_RETURN_TYPE = YES_ERROR;
				GCC_WARN_UNDECLARED_SELECTOR = YES;
				GCC_WARN_UNINITIALIZED_AUTOS = YES_AGGRESSIVE;
				GCC_WARN_UNUSED_FUNCTION = YES;
				GCC_WARN_UNUSED_VARIABLE = YES;
				HEADER_SEARCH_PATHS = (
					"$(inherited)",
					"${PODS_CONFIGURATION_BUILD_DIR}/ReactCommon/ReactCommon.framework/Headers",
					"${PODS_CONFIGURATION_BUILD_DIR}/ReactCommon/ReactCommon.framework/Headers/react/nativemodule/core",
					"${PODS_CONFIGURATION_BUILD_DIR}/React-runtimeexecutor/React_runtimeexecutor.framework/Headers",
					"${PODS_CONFIGURATION_BUILD_DIR}/React-runtimeexecutor/React_runtimeexecutor.framework/Headers/platform/ios",
					"${PODS_CONFIGURATION_BUILD_DIR}/ReactCommon-Samples/ReactCommon_Samples.framework/Headers",
					"${PODS_CONFIGURATION_BUILD_DIR}/ReactCommon-Samples/ReactCommon_Samples.framework/Headers/platform/ios",
					"${PODS_CONFIGURATION_BUILD_DIR}/React-Fabric/React_Fabric.framework/Headers/react/renderer/components/view/platform/cxx",
					"${PODS_CONFIGURATION_BUILD_DIR}/React-NativeModulesApple/React_NativeModulesApple.framework/Headers",
					"${PODS_CONFIGURATION_BUILD_DIR}/React-graphics/React_graphics.framework/Headers",
					"${PODS_CONFIGURATION_BUILD_DIR}/React-graphics/React_graphics.framework/Headers/react/renderer/graphics/platform/ios",
				);
				IPHONEOS_DEPLOYMENT_TARGET = 15.1;
				LD_RUNPATH_SEARCH_PATHS = (
					/usr/lib/swift,
					"$(inherited)",
				);
				LIBRARY_SEARCH_PATHS = (
					"\"$(SDKROOT)/usr/lib/swift\"",
					"\"$(TOOLCHAIN_DIR)/usr/lib/swift/$(PLATFORM_NAME)\"",
					"\"$(inherited)\"",
				);
				MTL_ENABLE_DEBUG_INFO = YES;
				ONLY_ACTIVE_ARCH = YES;
				OTHER_CPLUSPLUSFLAGS = (
					"$(OTHER_CFLAGS)",
					"-DFOLLY_NO_CONFIG",
					"-DFOLLY_MOBILE=1",
					"-DFOLLY_USE_LIBCPP=1",
					"-DFOLLY_CFG_NO_COROUTINES=1",
					"-DFOLLY_HAVE_CLOCK_GETTIME=1",
				);
				OTHER_LDFLAGS = "$(inherited)  ";
				REACT_NATIVE_PATH = "${PODS_ROOT}/../../node_modules/react-native";
				SDKROOT = iphoneos;
				SWIFT_ACTIVE_COMPILATION_CONDITIONS = "$(inherited) DEBUG";
				SWIFT_VERSION = 5.0;
				USE_HERMES = true;
			};
			name = Debug;
		};
		83CBBA211A601CBA00E9B192 /* Release */ = {
			isa = XCBuildConfiguration;
			buildSettings = {
				ALWAYS_SEARCH_USER_PATHS = NO;
				CLANG_ANALYZER_LOCALIZABILITY_NONLOCALIZED = YES;
				CLANG_CXX_LANGUAGE_STANDARD = "c++20";
				CLANG_CXX_LIBRARY = "libc++";
				CLANG_ENABLE_MODULES = YES;
				CLANG_ENABLE_OBJC_ARC = YES;
				CLANG_WARN_BLOCK_CAPTURE_AUTORELEASING = YES;
				CLANG_WARN_BOOL_CONVERSION = YES;
				CLANG_WARN_COMMA = YES;
				CLANG_WARN_CONSTANT_CONVERSION = YES;
				CLANG_WARN_DEPRECATED_OBJC_IMPLEMENTATIONS = YES;
				CLANG_WARN_DIRECT_OBJC_ISA_USAGE = YES_ERROR;
				CLANG_WARN_EMPTY_BODY = YES;
				CLANG_WARN_ENUM_CONVERSION = YES;
				CLANG_WARN_INFINITE_RECURSION = YES;
				CLANG_WARN_INT_CONVERSION = YES;
				CLANG_WARN_NON_LITERAL_NULL_CONVERSION = YES;
				CLANG_WARN_OBJC_IMPLICIT_RETAIN_SELF = YES;
				CLANG_WARN_OBJC_LITERAL_CONVERSION = YES;
				CLANG_WARN_OBJC_ROOT_CLASS = YES_ERROR;
				CLANG_WARN_QUOTED_INCLUDE_IN_FRAMEWORK_HEADER = YES;
				CLANG_WARN_RANGE_LOOP_ANALYSIS = YES;
				CLANG_WARN_STRICT_PROTOTYPES = YES;
				CLANG_WARN_SUSPICIOUS_MOVE = YES;
				CLANG_WARN_UNREACHABLE_CODE = YES;
				CLANG_WARN__DUPLICATE_METHOD_MATCH = YES;
				"CODE_SIGN_IDENTITY[sdk=iphoneos*]" = "iPhone Developer";
				COPY_PHASE_STRIP = YES;
				ENABLE_NS_ASSERTIONS = NO;
				ENABLE_STRICT_OBJC_MSGSEND = YES;
				"EXCLUDED_ARCHS[sdk=iphonesimulator*]" = "";
				GCC_C_LANGUAGE_STANDARD = gnu99;
				GCC_NO_COMMON_BLOCKS = YES;
				GCC_WARN_64_TO_32_BIT_CONVERSION = YES;
				GCC_WARN_ABOUT_RETURN_TYPE = YES_ERROR;
				GCC_WARN_UNDECLARED_SELECTOR = YES;
				GCC_WARN_UNINITIALIZED_AUTOS = YES_AGGRESSIVE;
				GCC_WARN_UNUSED_FUNCTION = YES;
				GCC_WARN_UNUSED_VARIABLE = YES;
				HEADER_SEARCH_PATHS = (
					"$(inherited)",
					"${PODS_CONFIGURATION_BUILD_DIR}/ReactCommon/ReactCommon.framework/Headers",
					"${PODS_CONFIGURATION_BUILD_DIR}/ReactCommon/ReactCommon.framework/Headers/react/nativemodule/core",
					"${PODS_CONFIGURATION_BUILD_DIR}/React-runtimeexecutor/React_runtimeexecutor.framework/Headers",
					"${PODS_CONFIGURATION_BUILD_DIR}/React-runtimeexecutor/React_runtimeexecutor.framework/Headers/platform/ios",
					"${PODS_CONFIGURATION_BUILD_DIR}/ReactCommon-Samples/ReactCommon_Samples.framework/Headers",
					"${PODS_CONFIGURATION_BUILD_DIR}/ReactCommon-Samples/ReactCommon_Samples.framework/Headers/platform/ios",
					"${PODS_CONFIGURATION_BUILD_DIR}/React-Fabric/React_Fabric.framework/Headers/react/renderer/components/view/platform/cxx",
					"${PODS_CONFIGURATION_BUILD_DIR}/React-NativeModulesApple/React_NativeModulesApple.framework/Headers",
					"${PODS_CONFIGURATION_BUILD_DIR}/React-graphics/React_graphics.framework/Headers",
					"${PODS_CONFIGURATION_BUILD_DIR}/React-graphics/React_graphics.framework/Headers/react/renderer/graphics/platform/ios",
				);
				IPHONEOS_DEPLOYMENT_TARGET = 15.1;
				LD_RUNPATH_SEARCH_PATHS = (
					/usr/lib/swift,
					"$(inherited)",
				);
				LIBRARY_SEARCH_PATHS = (
					"\"$(SDKROOT)/usr/lib/swift\"",
					"\"$(TOOLCHAIN_DIR)/usr/lib/swift/$(PLATFORM_NAME)\"",
					"\"$(inherited)\"",
				);
				MTL_ENABLE_DEBUG_INFO = NO;
				OTHER_CPLUSPLUSFLAGS = (
					"$(OTHER_CFLAGS)",
					"-DFOLLY_NO_CONFIG",
					"-DFOLLY_MOBILE=1",
					"-DFOLLY_USE_LIBCPP=1",
					"-DFOLLY_CFG_NO_COROUTINES=1",
					"-DFOLLY_HAVE_CLOCK_GETTIME=1",
				);
				OTHER_LDFLAGS = "$(inherited)  ";
				REACT_NATIVE_PATH = "${PODS_ROOT}/../../node_modules/react-native";
				SDKROOT = iphoneos;
				SWIFT_VERSION = 5.0;
				USE_HERMES = true;
				VALIDATE_PRODUCT = YES;
			};
			name = Release;
		};
/* End XCBuildConfiguration section */

/* Begin XCConfigurationList section */
		13B07F931A680F5B00A75B9A /* Build configuration list for PBXNativeTarget "Kamelpay" */ = {
			isa = XCConfigurationList;
			buildConfigurations = (
				13B07F941A680F5B00A75B9A /* Debug */,
				13B07F951A680F5B00A75B9A /* Release */,
			);
			defaultConfigurationIsVisible = 0;
			defaultConfigurationName = Release;
		};
		83CBB9FA1A601CBA00E9B192 /* Build configuration list for PBXProject "Kamelpay" */ = {
			isa = XCConfigurationList;
			buildConfigurations = (
				83CBBA201A601CBA00E9B192 /* Debug */,
				83CBBA211A601CBA00E9B192 /* Release */,
			);
			defaultConfigurationIsVisible = 0;
			defaultConfigurationName = Release;
		};
/* End XCConfigurationList section */
	};
	rootObject = 83CBB9F71A601CBA00E9B192 /* Project object */;
}
